// !$*UTF8*$!
{
	archiveVersion = 1;
	classes = {
	};
	objectVersion = 55;
	objects = {

/* Begin PBXBuildFile section */
		6388873A80B0F85B3CEBF5E7 /* Pods_RappiTestMovie_RappiTestMovieCatalogUITests.framework in Frameworks */ = {isa = PBXBuildFile; fileRef = 288F5E5913DAAFC1DBDCB22C /* Pods_RappiTestMovie_RappiTestMovieCatalogUITests.framework */; };
		9C1F510C27627C3E00757FA0 /* AsyncManagerSpy.swift in Sources */ = {isa = PBXBuildFile; fileRef = 9C1F510B27627C3E00757FA0 /* AsyncManagerSpy.swift */; };
		9C1F510D27627C3E00757FA0 /* AsyncManagerSpy.swift in Sources */ = {isa = PBXBuildFile; fileRef = 9C1F510B27627C3E00757FA0 /* AsyncManagerSpy.swift */; };
		9C1F510F27628B7900757FA0 /* SuccesResponse.json in Resources */ = {isa = PBXBuildFile; fileRef = 9C1F510E27628B7800757FA0 /* SuccesResponse.json */; };
		9C1F511027628B7900757FA0 /* SuccesResponse.json in Resources */ = {isa = PBXBuildFile; fileRef = 9C1F510E27628B7800757FA0 /* SuccesResponse.json */; };
		9C29D0502761235E002E8B54 /* OflineRepositoryTest.swift in Sources */ = {isa = PBXBuildFile; fileRef = 9C29D04F2761235E002E8B54 /* OflineRepositoryTest.swift */; };
		9C29D05E27618363002E8B54 /* PersistanceProtocols.swift in Sources */ = {isa = PBXBuildFile; fileRef = 9C29D05D27618363002E8B54 /* PersistanceProtocols.swift */; };
		9C29D05F27618363002E8B54 /* PersistanceProtocols.swift in Sources */ = {isa = PBXBuildFile; fileRef = 9C29D05D27618363002E8B54 /* PersistanceProtocols.swift */; };
		9C29D062276185F6002E8B54 /* DBHelper.swift in Sources */ = {isa = PBXBuildFile; fileRef = 9C29D060276185F5002E8B54 /* DBHelper.swift */; };
		9C29D063276185F6002E8B54 /* DBHelper.swift in Sources */ = {isa = PBXBuildFile; fileRef = 9C29D060276185F5002E8B54 /* DBHelper.swift */; };
		9C29D064276185F6002E8B54 /* MovieDB.swift in Sources */ = {isa = PBXBuildFile; fileRef = 9C29D061276185F5002E8B54 /* MovieDB.swift */; };
		9C29D065276185F6002E8B54 /* MovieDB.swift in Sources */ = {isa = PBXBuildFile; fileRef = 9C29D061276185F5002E8B54 /* MovieDB.swift */; };
		9C37228527598D9C00BC41BA /* TopRatedResponse.swift in Sources */ = {isa = PBXBuildFile; fileRef = 9C37228427598D9C00BC41BA /* TopRatedResponse.swift */; };
		9C37228627598D9C00BC41BA /* TopRatedResponse.swift in Sources */ = {isa = PBXBuildFile; fileRef = 9C37228427598D9C00BC41BA /* TopRatedResponse.swift */; };
		9C37228827598ED000BC41BA /* TopRatedRequest.swift in Sources */ = {isa = PBXBuildFile; fileRef = 9C37228727598ED000BC41BA /* TopRatedRequest.swift */; };
		9C37228927598ED000BC41BA /* TopRatedRequest.swift in Sources */ = {isa = PBXBuildFile; fileRef = 9C37228727598ED000BC41BA /* TopRatedRequest.swift */; };
		9C407AD4275578F100384A78 /* AppDelegate.swift in Sources */ = {isa = PBXBuildFile; fileRef = 9C407AD3275578F100384A78 /* AppDelegate.swift */; };
		9C407AD6275578F200384A78 /* SceneDelegate.swift in Sources */ = {isa = PBXBuildFile; fileRef = 9C407AD5275578F200384A78 /* SceneDelegate.swift */; };
		9C407AD8275578F200384A78 /* ViewController.swift in Sources */ = {isa = PBXBuildFile; fileRef = 9C407AD7275578F200384A78 /* ViewController.swift */; };
		9C407ADB275578F200384A78 /* Main.storyboard in Resources */ = {isa = PBXBuildFile; fileRef = 9C407AD9275578F200384A78 /* Main.storyboard */; };
		9C407ADD275578F300384A78 /* Assets.xcassets in Resources */ = {isa = PBXBuildFile; fileRef = 9C407ADC275578F300384A78 /* Assets.xcassets */; };
		9C407AE0275578F300384A78 /* LaunchScreen.storyboard in Resources */ = {isa = PBXBuildFile; fileRef = 9C407ADE275578F300384A78 /* LaunchScreen.storyboard */; };
		9C407B112755873F00384A78 /* Services.swift in Sources */ = {isa = PBXBuildFile; fileRef = 9C407B0D2755873F00384A78 /* Services.swift */; };
		9C407B122755873F00384A78 /* StockURL.swift in Sources */ = {isa = PBXBuildFile; fileRef = 9C407B0E2755873F00384A78 /* StockURL.swift */; };
		9C407B132755873F00384A78 /* StockURL.swift in Sources */ = {isa = PBXBuildFile; fileRef = 9C407B0E2755873F00384A78 /* StockURL.swift */; };
		9C407B142755873F00384A78 /* RequesProtocol.swift in Sources */ = {isa = PBXBuildFile; fileRef = 9C407B0F2755873F00384A78 /* RequesProtocol.swift */; };
		9C407B152755873F00384A78 /* RequesProtocol.swift in Sources */ = {isa = PBXBuildFile; fileRef = 9C407B0F2755873F00384A78 /* RequesProtocol.swift */; };
		9C52C50227603B6A0045E7D3 /* SearchRequest.swift in Sources */ = {isa = PBXBuildFile; fileRef = 9C52C50127603B6A0045E7D3 /* SearchRequest.swift */; };
		9C52C50327603B6A0045E7D3 /* SearchRequest.swift in Sources */ = {isa = PBXBuildFile; fileRef = 9C52C50127603B6A0045E7D3 /* SearchRequest.swift */; };
		9C52C50527606CFA0045E7D3 /* MoviesRepository.swift in Sources */ = {isa = PBXBuildFile; fileRef = 9C52C50427606CF90045E7D3 /* MoviesRepository.swift */; };
		9C52C50627606CFA0045E7D3 /* MoviesRepository.swift in Sources */ = {isa = PBXBuildFile; fileRef = 9C52C50427606CF90045E7D3 /* MoviesRepository.swift */; };
		9C52C50727606DAF0045E7D3 /* Services.swift in Sources */ = {isa = PBXBuildFile; fileRef = 9C407B0D2755873F00384A78 /* Services.swift */; };
		9C52C51027608FAE0045E7D3 /* ViewController.swift in Sources */ = {isa = PBXBuildFile; fileRef = 9C407AD7275578F200384A78 /* ViewController.swift */; };
		9C52C5122760999D0045E7D3 /* CoreDataHelper.swift in Sources */ = {isa = PBXBuildFile; fileRef = 9C52C5112760999D0045E7D3 /* CoreDataHelper.swift */; };
		9C52C5132760999D0045E7D3 /* CoreDataHelper.swift in Sources */ = {isa = PBXBuildFile; fileRef = 9C52C5112760999D0045E7D3 /* CoreDataHelper.swift */; };
		9C52C5152760A8AD0045E7D3 /* RequestMoviesTest.swift in Sources */ = {isa = PBXBuildFile; fileRef = 9C52C5142760A8AD0045E7D3 /* RequestMoviesTest.swift */; };
		9C850C3B275ADD53003F524B /* SearchResponse.swift in Sources */ = {isa = PBXBuildFile; fileRef = 9C850C3A275ADD53003F524B /* SearchResponse.swift */; };
		9C850C3C275ADD53003F524B /* SearchResponse.swift in Sources */ = {isa = PBXBuildFile; fileRef = 9C850C3A275ADD53003F524B /* SearchResponse.swift */; };
		9CD9E86E2756FAD6000ED66B /* PopulatesResponse.swift in Sources */ = {isa = PBXBuildFile; fileRef = 9CD9E86C2756FAD6000ED66B /* PopulatesResponse.swift */; };
		9CD9E86F2756FAD6000ED66B /* PopulatesResponse.swift in Sources */ = {isa = PBXBuildFile; fileRef = 9CD9E86C2756FAD6000ED66B /* PopulatesResponse.swift */; };
		9CD9E8702756FAD6000ED66B /* MovieItem.swift in Sources */ = {isa = PBXBuildFile; fileRef = 9CD9E86D2756FAD6000ED66B /* MovieItem.swift */; };
		9CD9E8712756FAD6000ED66B /* MovieItem.swift in Sources */ = {isa = PBXBuildFile; fileRef = 9CD9E86D2756FAD6000ED66B /* MovieItem.swift */; };
		9CD9E8752756FC71000ED66B /* PopulateMoviesRequest.swift in Sources */ = {isa = PBXBuildFile; fileRef = 9CD9E8742756FC71000ED66B /* PopulateMoviesRequest.swift */; };
		9CD9E8762756FC71000ED66B /* PopulateMoviesRequest.swift in Sources */ = {isa = PBXBuildFile; fileRef = 9CD9E8742756FC71000ED66B /* PopulateMoviesRequest.swift */; };
		9CD9E87B27570058000ED66B /* UpcomingResponse.swift in Sources */ = {isa = PBXBuildFile; fileRef = 9CD9E87927570058000ED66B /* UpcomingResponse.swift */; };
		9CD9E87C27570059000ED66B /* UpcomingResponse.swift in Sources */ = {isa = PBXBuildFile; fileRef = 9CD9E87927570058000ED66B /* UpcomingResponse.swift */; };
		9CD9E87D27570059000ED66B /* Dates.swift in Sources */ = {isa = PBXBuildFile; fileRef = 9CD9E87A27570058000ED66B /* Dates.swift */; };
		9CD9E87E27570059000ED66B /* Dates.swift in Sources */ = {isa = PBXBuildFile; fileRef = 9CD9E87A27570058000ED66B /* Dates.swift */; };
		9CD9E880275700A8000ED66B /* UpcomingMoviesRequest.swift in Sources */ = {isa = PBXBuildFile; fileRef = 9CD9E87F275700A8000ED66B /* UpcomingMoviesRequest.swift */; };
		9CD9E881275700A8000ED66B /* UpcomingMoviesRequest.swift in Sources */ = {isa = PBXBuildFile; fileRef = 9CD9E87F275700A8000ED66B /* UpcomingMoviesRequest.swift */; };
		9CE4165E2762C1F900FC77C9 /* PopuparMovies.swift in Sources */ = {isa = PBXBuildFile; fileRef = 9CE4165D2762C1F900FC77C9 /* PopuparMovies.swift */; };
		9CE4165F2762C1F900FC77C9 /* PopuparMovies.swift in Sources */ = {isa = PBXBuildFile; fileRef = 9CE4165D2762C1F900FC77C9 /* PopuparMovies.swift */; };
		9CE416612762C8D200FC77C9 /* UpcomingMovies.swift in Sources */ = {isa = PBXBuildFile; fileRef = 9CE416602762C8D200FC77C9 /* UpcomingMovies.swift */; };
		9CE416622762C8D200FC77C9 /* UpcomingMovies.swift in Sources */ = {isa = PBXBuildFile; fileRef = 9CE416602762C8D200FC77C9 /* UpcomingMovies.swift */; };
		9CE416642762C91100FC77C9 /* TopRatedMovies.swift in Sources */ = {isa = PBXBuildFile; fileRef = 9CE416632762C91100FC77C9 /* TopRatedMovies.swift */; };
		9CE416652762C91100FC77C9 /* TopRatedMovies.swift in Sources */ = {isa = PBXBuildFile; fileRef = 9CE416632762C91100FC77C9 /* TopRatedMovies.swift */; };
		9CE416672762CA4400FC77C9 /* SearchMovies.swift in Sources */ = {isa = PBXBuildFile; fileRef = 9CE416662762CA4400FC77C9 /* SearchMovies.swift */; };
		9CE416682762CA4400FC77C9 /* SearchMovies.swift in Sources */ = {isa = PBXBuildFile; fileRef = 9CE416662762CA4400FC77C9 /* SearchMovies.swift */; };
		9CE416832763D5DC00FC77C9 /* HomeView.swift in Sources */ = {isa = PBXBuildFile; fileRef = 9CE416812763D5DC00FC77C9 /* HomeView.swift */; };
		9CE416842763D5DC00FC77C9 /* HomeView.swift in Sources */ = {isa = PBXBuildFile; fileRef = 9CE416812763D5DC00FC77C9 /* HomeView.swift */; };
		9CE416852763D5DC00FC77C9 /* HomeView.xib in Resources */ = {isa = PBXBuildFile; fileRef = 9CE416822763D5DC00FC77C9 /* HomeView.xib */; };
		9CE416862763D5DC00FC77C9 /* HomeView.xib in Resources */ = {isa = PBXBuildFile; fileRef = 9CE416822763D5DC00FC77C9 /* HomeView.xib */; };
		9CE416882763E37300FC77C9 /* Presenter.swift in Sources */ = {isa = PBXBuildFile; fileRef = 9CE416872763E37300FC77C9 /* Presenter.swift */; };
		9CE416892763E37300FC77C9 /* Presenter.swift in Sources */ = {isa = PBXBuildFile; fileRef = 9CE416872763E37300FC77C9 /* Presenter.swift */; };
		9CE4168B2763E3A400FC77C9 /* Protocols.swift in Sources */ = {isa = PBXBuildFile; fileRef = 9CE4168A2763E3A400FC77C9 /* Protocols.swift */; };
		9CE4168C2763E3A400FC77C9 /* Protocols.swift in Sources */ = {isa = PBXBuildFile; fileRef = 9CE4168A2763E3A400FC77C9 /* Protocols.swift */; };
		9CE4168E2763EF8F00FC77C9 /* Entities.swift in Sources */ = {isa = PBXBuildFile; fileRef = 9CE4168D2763EF8F00FC77C9 /* Entities.swift */; };
		9CE4168F2763EF8F00FC77C9 /* Entities.swift in Sources */ = {isa = PBXBuildFile; fileRef = 9CE4168D2763EF8F00FC77C9 /* Entities.swift */; };
		9CE4169127640C4800FC77C9 /* Router.swift in Sources */ = {isa = PBXBuildFile; fileRef = 9CE4169027640C4800FC77C9 /* Router.swift */; };
		9CE4169227640C4800FC77C9 /* Router.swift in Sources */ = {isa = PBXBuildFile; fileRef = 9CE4169027640C4800FC77C9 /* Router.swift */; };
		9CE416942764130100FC77C9 /* Interactor.swift in Sources */ = {isa = PBXBuildFile; fileRef = 9CE416932764130100FC77C9 /* Interactor.swift */; };
		9CE416952764130100FC77C9 /* Interactor.swift in Sources */ = {isa = PBXBuildFile; fileRef = 9CE416932764130100FC77C9 /* Interactor.swift */; };
		9CE41697276418A400FC77C9 /* MainCoordinator.swift in Sources */ = {isa = PBXBuildFile; fileRef = 9CE41696276418A400FC77C9 /* MainCoordinator.swift */; };
		9CE41698276418A400FC77C9 /* MainCoordinator.swift in Sources */ = {isa = PBXBuildFile; fileRef = 9CE41696276418A400FC77C9 /* MainCoordinator.swift */; };
		E190A0769A3E0B0A4CDB81A2 /* Pods_RappiTestMovieTests.framework in Frameworks */ = {isa = PBXBuildFile; fileRef = 9AF2E690921EADD496BB26D0 /* Pods_RappiTestMovieTests.framework */; };
		E625705A0FA38A3599AB0AD5 /* Pods_RappiTestMovie.framework in Frameworks */ = {isa = PBXBuildFile; fileRef = C2FD7C1EEEA91C9FE8D1DB76 /* Pods_RappiTestMovie.framework */; };
/* End PBXBuildFile section */

/* Begin PBXContainerItemProxy section */
		9C407AE7275578F300384A78 /* PBXContainerItemProxy */ = {
			isa = PBXContainerItemProxy;
			containerPortal = 9C407AC8275578F100384A78 /* Project object */;
			proxyType = 1;
			remoteGlobalIDString = 9C407ACF275578F100384A78;
			remoteInfo = RappiTestMovieCatalog;
		};
		9C407AF1275578F300384A78 /* PBXContainerItemProxy */ = {
			isa = PBXContainerItemProxy;
			containerPortal = 9C407AC8275578F100384A78 /* Project object */;
			proxyType = 1;
			remoteGlobalIDString = 9C407ACF275578F100384A78;
			remoteInfo = RappiTestMovieCatalog;
		};
/* End PBXContainerItemProxy section */

/* Begin PBXFileReference section */
		10AA5EFE97F54D55FD90679D /* Pods-RappiTestMovieCatalog-RappiTestMovieCatalogUITests.debug.xcconfig */ = {isa = PBXFileReference; includeInIndex = 1; lastKnownFileType = text.xcconfig; name = "Pods-RappiTestMovieCatalog-RappiTestMovieCatalogUITests.debug.xcconfig"; path = "Target Support Files/Pods-RappiTestMovieCatalog-RappiTestMovieCatalogUITests/Pods-RappiTestMovieCatalog-RappiTestMovieCatalogUITests.debug.xcconfig"; sourceTree = "<group>"; };
		223D12F96242FCFF7E118938 /* Pods-RappiTestMovieCatalog-RappiTestMovieCatalogUITests.release.xcconfig */ = {isa = PBXFileReference; includeInIndex = 1; lastKnownFileType = text.xcconfig; name = "Pods-RappiTestMovieCatalog-RappiTestMovieCatalogUITests.release.xcconfig"; path = "Target Support Files/Pods-RappiTestMovieCatalog-RappiTestMovieCatalogUITests/Pods-RappiTestMovieCatalog-RappiTestMovieCatalogUITests.release.xcconfig"; sourceTree = "<group>"; };
		288F5E5913DAAFC1DBDCB22C /* Pods_RappiTestMovie_RappiTestMovieCatalogUITests.framework */ = {isa = PBXFileReference; explicitFileType = wrapper.framework; includeInIndex = 0; path = Pods_RappiTestMovie_RappiTestMovieCatalogUITests.framework; sourceTree = BUILT_PRODUCTS_DIR; };
		3EC3F1C99E8D563B61F41F70 /* Pods-RappiTestMovieCatalogTests.release.xcconfig */ = {isa = PBXFileReference; includeInIndex = 1; lastKnownFileType = text.xcconfig; name = "Pods-RappiTestMovieCatalogTests.release.xcconfig"; path = "Target Support Files/Pods-RappiTestMovieCatalogTests/Pods-RappiTestMovieCatalogTests.release.xcconfig"; sourceTree = "<group>"; };
		545ABDFF92165D8F42DBBD4A /* Pods-RappiTestMovie-RappiTestMovieCatalogUITests.release.xcconfig */ = {isa = PBXFileReference; includeInIndex = 1; lastKnownFileType = text.xcconfig; name = "Pods-RappiTestMovie-RappiTestMovieCatalogUITests.release.xcconfig"; path = "Target Support Files/Pods-RappiTestMovie-RappiTestMovieCatalogUITests/Pods-RappiTestMovie-RappiTestMovieCatalogUITests.release.xcconfig"; sourceTree = "<group>"; };
		68A289FE3F4A062D85FD6D48 /* Pods-RappiTestMovie.release.xcconfig */ = {isa = PBXFileReference; includeInIndex = 1; lastKnownFileType = text.xcconfig; name = "Pods-RappiTestMovie.release.xcconfig"; path = "Target Support Files/Pods-RappiTestMovie/Pods-RappiTestMovie.release.xcconfig"; sourceTree = "<group>"; };
		6E8B3CC3E98503234012D2AD /* Pods-RappiTestMovieTests.release.xcconfig */ = {isa = PBXFileReference; includeInIndex = 1; lastKnownFileType = text.xcconfig; name = "Pods-RappiTestMovieTests.release.xcconfig"; path = "Target Support Files/Pods-RappiTestMovieTests/Pods-RappiTestMovieTests.release.xcconfig"; sourceTree = "<group>"; };
		850277EB1DD327C7D0ED5EB3 /* Pods-RappiTestMovieCatalog.debug.xcconfig */ = {isa = PBXFileReference; includeInIndex = 1; lastKnownFileType = text.xcconfig; name = "Pods-RappiTestMovieCatalog.debug.xcconfig"; path = "Target Support Files/Pods-RappiTestMovieCatalog/Pods-RappiTestMovieCatalog.debug.xcconfig"; sourceTree = "<group>"; };
		9AF2E690921EADD496BB26D0 /* Pods_RappiTestMovieTests.framework */ = {isa = PBXFileReference; explicitFileType = wrapper.framework; includeInIndex = 0; path = Pods_RappiTestMovieTests.framework; sourceTree = BUILT_PRODUCTS_DIR; };
		9C1F510B27627C3E00757FA0 /* AsyncManagerSpy.swift */ = {isa = PBXFileReference; lastKnownFileType = sourcecode.swift; path = AsyncManagerSpy.swift; sourceTree = "<group>"; };
		9C1F510E27628B7800757FA0 /* SuccesResponse.json */ = {isa = PBXFileReference; fileEncoding = 4; lastKnownFileType = text.json; path = SuccesResponse.json; sourceTree = "<group>"; };
		9C29D04F2761235E002E8B54 /* OflineRepositoryTest.swift */ = {isa = PBXFileReference; lastKnownFileType = sourcecode.swift; path = OflineRepositoryTest.swift; sourceTree = "<group>"; };
		9C29D05D27618363002E8B54 /* PersistanceProtocols.swift */ = {isa = PBXFileReference; lastKnownFileType = sourcecode.swift; path = PersistanceProtocols.swift; sourceTree = "<group>"; };
		9C29D060276185F5002E8B54 /* DBHelper.swift */ = {isa = PBXFileReference; fileEncoding = 4; lastKnownFileType = sourcecode.swift; path = DBHelper.swift; sourceTree = "<group>"; };
		9C29D061276185F5002E8B54 /* MovieDB.swift */ = {isa = PBXFileReference; fileEncoding = 4; lastKnownFileType = sourcecode.swift; path = MovieDB.swift; sourceTree = "<group>"; };
		9C37228427598D9C00BC41BA /* TopRatedResponse.swift */ = {isa = PBXFileReference; lastKnownFileType = sourcecode.swift; path = TopRatedResponse.swift; sourceTree = "<group>"; };
		9C37228727598ED000BC41BA /* TopRatedRequest.swift */ = {isa = PBXFileReference; lastKnownFileType = sourcecode.swift; path = TopRatedRequest.swift; sourceTree = "<group>"; };
		9C407AD0275578F100384A78 /* RappiTestMovie.app */ = {isa = PBXFileReference; explicitFileType = wrapper.application; includeInIndex = 0; path = RappiTestMovie.app; sourceTree = BUILT_PRODUCTS_DIR; };
		9C407AD3275578F100384A78 /* AppDelegate.swift */ = {isa = PBXFileReference; lastKnownFileType = sourcecode.swift; path = AppDelegate.swift; sourceTree = "<group>"; };
		9C407AD5275578F200384A78 /* SceneDelegate.swift */ = {isa = PBXFileReference; lastKnownFileType = sourcecode.swift; path = SceneDelegate.swift; sourceTree = "<group>"; };
		9C407AD7275578F200384A78 /* ViewController.swift */ = {isa = PBXFileReference; lastKnownFileType = sourcecode.swift; path = ViewController.swift; sourceTree = "<group>"; };
		9C407ADA275578F200384A78 /* Base */ = {isa = PBXFileReference; lastKnownFileType = file.storyboard; name = Base; path = Base.lproj/Main.storyboard; sourceTree = "<group>"; };
		9C407ADC275578F300384A78 /* Assets.xcassets */ = {isa = PBXFileReference; lastKnownFileType = folder.assetcatalog; path = Assets.xcassets; sourceTree = "<group>"; };
		9C407ADF275578F300384A78 /* Base */ = {isa = PBXFileReference; lastKnownFileType = file.storyboard; name = Base; path = Base.lproj/LaunchScreen.storyboard; sourceTree = "<group>"; };
		9C407AE1275578F300384A78 /* Info.plist */ = {isa = PBXFileReference; lastKnownFileType = text.plist.xml; path = Info.plist; sourceTree = "<group>"; };
		9C407AE6275578F300384A78 /* RappiTestMovieTests.xctest */ = {isa = PBXFileReference; explicitFileType = wrapper.cfbundle; includeInIndex = 0; path = RappiTestMovieTests.xctest; sourceTree = BUILT_PRODUCTS_DIR; };
		9C407AF0275578F300384A78 /* RappiTestMovieCatalogUITests.xctest */ = {isa = PBXFileReference; explicitFileType = wrapper.cfbundle; includeInIndex = 0; path = RappiTestMovieCatalogUITests.xctest; sourceTree = BUILT_PRODUCTS_DIR; };
		9C407B0D2755873F00384A78 /* Services.swift */ = {isa = PBXFileReference; fileEncoding = 4; lastKnownFileType = sourcecode.swift; path = Services.swift; sourceTree = "<group>"; };
		9C407B0E2755873F00384A78 /* StockURL.swift */ = {isa = PBXFileReference; fileEncoding = 4; lastKnownFileType = sourcecode.swift; path = StockURL.swift; sourceTree = "<group>"; };
		9C407B0F2755873F00384A78 /* RequesProtocol.swift */ = {isa = PBXFileReference; fileEncoding = 4; lastKnownFileType = sourcecode.swift; path = RequesProtocol.swift; sourceTree = "<group>"; };
		9C52C50127603B6A0045E7D3 /* SearchRequest.swift */ = {isa = PBXFileReference; lastKnownFileType = sourcecode.swift; path = SearchRequest.swift; sourceTree = "<group>"; };
		9C52C50427606CF90045E7D3 /* MoviesRepository.swift */ = {isa = PBXFileReference; lastKnownFileType = sourcecode.swift; path = MoviesRepository.swift; sourceTree = "<group>"; };
		9C52C5112760999D0045E7D3 /* CoreDataHelper.swift */ = {isa = PBXFileReference; lastKnownFileType = sourcecode.swift; path = CoreDataHelper.swift; sourceTree = "<group>"; };
		9C52C5142760A8AD0045E7D3 /* RequestMoviesTest.swift */ = {isa = PBXFileReference; lastKnownFileType = sourcecode.swift; path = RequestMoviesTest.swift; sourceTree = "<group>"; };
		9C850C3A275ADD53003F524B /* SearchResponse.swift */ = {isa = PBXFileReference; fileEncoding = 4; lastKnownFileType = sourcecode.swift; path = SearchResponse.swift; sourceTree = "<group>"; };
		9CD9E86C2756FAD6000ED66B /* PopulatesResponse.swift */ = {isa = PBXFileReference; fileEncoding = 4; lastKnownFileType = sourcecode.swift; path = PopulatesResponse.swift; sourceTree = "<group>"; };
		9CD9E86D2756FAD6000ED66B /* MovieItem.swift */ = {isa = PBXFileReference; fileEncoding = 4; lastKnownFileType = sourcecode.swift; path = MovieItem.swift; sourceTree = "<group>"; };
		9CD9E8742756FC71000ED66B /* PopulateMoviesRequest.swift */ = {isa = PBXFileReference; lastKnownFileType = sourcecode.swift; path = PopulateMoviesRequest.swift; sourceTree = "<group>"; };
		9CD9E87927570058000ED66B /* UpcomingResponse.swift */ = {isa = PBXFileReference; fileEncoding = 4; lastKnownFileType = sourcecode.swift; path = UpcomingResponse.swift; sourceTree = "<group>"; };
		9CD9E87A27570058000ED66B /* Dates.swift */ = {isa = PBXFileReference; fileEncoding = 4; lastKnownFileType = sourcecode.swift; path = Dates.swift; sourceTree = "<group>"; };
		9CD9E87F275700A8000ED66B /* UpcomingMoviesRequest.swift */ = {isa = PBXFileReference; lastKnownFileType = sourcecode.swift; path = UpcomingMoviesRequest.swift; sourceTree = "<group>"; };
		9CE4165D2762C1F900FC77C9 /* PopuparMovies.swift */ = {isa = PBXFileReference; lastKnownFileType = sourcecode.swift; path = PopuparMovies.swift; sourceTree = "<group>"; };
		9CE416602762C8D200FC77C9 /* UpcomingMovies.swift */ = {isa = PBXFileReference; lastKnownFileType = sourcecode.swift; path = UpcomingMovies.swift; sourceTree = "<group>"; };
		9CE416632762C91100FC77C9 /* TopRatedMovies.swift */ = {isa = PBXFileReference; lastKnownFileType = sourcecode.swift; path = TopRatedMovies.swift; sourceTree = "<group>"; };
		9CE416662762CA4400FC77C9 /* SearchMovies.swift */ = {isa = PBXFileReference; lastKnownFileType = sourcecode.swift; path = SearchMovies.swift; sourceTree = "<group>"; };
		9CE416812763D5DC00FC77C9 /* HomeView.swift */ = {isa = PBXFileReference; lastKnownFileType = sourcecode.swift; path = HomeView.swift; sourceTree = "<group>"; };
		9CE416822763D5DC00FC77C9 /* HomeView.xib */ = {isa = PBXFileReference; lastKnownFileType = file.xib; path = HomeView.xib; sourceTree = "<group>"; };
		9CE416872763E37300FC77C9 /* Presenter.swift */ = {isa = PBXFileReference; lastKnownFileType = sourcecode.swift; path = Presenter.swift; sourceTree = "<group>"; };
		9CE4168A2763E3A400FC77C9 /* Protocols.swift */ = {isa = PBXFileReference; lastKnownFileType = sourcecode.swift; path = Protocols.swift; sourceTree = "<group>"; };
		9CE4168D2763EF8F00FC77C9 /* Entities.swift */ = {isa = PBXFileReference; lastKnownFileType = sourcecode.swift; path = Entities.swift; sourceTree = "<group>"; };
		9CE4169027640C4800FC77C9 /* Router.swift */ = {isa = PBXFileReference; lastKnownFileType = sourcecode.swift; path = Router.swift; sourceTree = "<group>"; };
		9CE416932764130100FC77C9 /* Interactor.swift */ = {isa = PBXFileReference; lastKnownFileType = sourcecode.swift; path = Interactor.swift; sourceTree = "<group>"; };
		9CE41696276418A400FC77C9 /* MainCoordinator.swift */ = {isa = PBXFileReference; lastKnownFileType = sourcecode.swift; path = MainCoordinator.swift; sourceTree = "<group>"; };
		A8BDF4A301BB9B4658EB9F83 /* Pods-RappiTestMovie-RappiTestMovieCatalogUITests.debug.xcconfig */ = {isa = PBXFileReference; includeInIndex = 1; lastKnownFileType = text.xcconfig; name = "Pods-RappiTestMovie-RappiTestMovieCatalogUITests.debug.xcconfig"; path = "Target Support Files/Pods-RappiTestMovie-RappiTestMovieCatalogUITests/Pods-RappiTestMovie-RappiTestMovieCatalogUITests.debug.xcconfig"; sourceTree = "<group>"; };
		AEFE82A3ACEB1C3F8E6ADAFA /* Pods-RappiTestMovieCatalogTests.debug.xcconfig */ = {isa = PBXFileReference; includeInIndex = 1; lastKnownFileType = text.xcconfig; name = "Pods-RappiTestMovieCatalogTests.debug.xcconfig"; path = "Target Support Files/Pods-RappiTestMovieCatalogTests/Pods-RappiTestMovieCatalogTests.debug.xcconfig"; sourceTree = "<group>"; };
		BA7FB401844689CA6A178D94 /* Pods-RappiTestMovie.debug.xcconfig */ = {isa = PBXFileReference; includeInIndex = 1; lastKnownFileType = text.xcconfig; name = "Pods-RappiTestMovie.debug.xcconfig"; path = "Target Support Files/Pods-RappiTestMovie/Pods-RappiTestMovie.debug.xcconfig"; sourceTree = "<group>"; };
		C2FD7C1EEEA91C9FE8D1DB76 /* Pods_RappiTestMovie.framework */ = {isa = PBXFileReference; explicitFileType = wrapper.framework; includeInIndex = 0; path = Pods_RappiTestMovie.framework; sourceTree = BUILT_PRODUCTS_DIR; };
		CC3057A39352F717EE5E34A8 /* Pods-RappiTestMovieTests.debug.xcconfig */ = {isa = PBXFileReference; includeInIndex = 1; lastKnownFileType = text.xcconfig; name = "Pods-RappiTestMovieTests.debug.xcconfig"; path = "Target Support Files/Pods-RappiTestMovieTests/Pods-RappiTestMovieTests.debug.xcconfig"; sourceTree = "<group>"; };
		E33DC26D17BECCA12866B746 /* Pods-RappiTestMovieCatalog.release.xcconfig */ = {isa = PBXFileReference; includeInIndex = 1; lastKnownFileType = text.xcconfig; name = "Pods-RappiTestMovieCatalog.release.xcconfig"; path = "Target Support Files/Pods-RappiTestMovieCatalog/Pods-RappiTestMovieCatalog.release.xcconfig"; sourceTree = "<group>"; };
/* End PBXFileReference section */

/* Begin PBXFrameworksBuildPhase section */
		9C407ACD275578F100384A78 /* Frameworks */ = {
			isa = PBXFrameworksBuildPhase;
			buildActionMask = 2147483647;
			files = (
				E625705A0FA38A3599AB0AD5 /* Pods_RappiTestMovie.framework in Frameworks */,
			);
			runOnlyForDeploymentPostprocessing = 0;
		};
		9C407AE3275578F300384A78 /* Frameworks */ = {
			isa = PBXFrameworksBuildPhase;
			buildActionMask = 2147483647;
			files = (
				E190A0769A3E0B0A4CDB81A2 /* Pods_RappiTestMovieTests.framework in Frameworks */,
			);
			runOnlyForDeploymentPostprocessing = 0;
		};
		9C407AED275578F300384A78 /* Frameworks */ = {
			isa = PBXFrameworksBuildPhase;
			buildActionMask = 2147483647;
			files = (
				6388873A80B0F85B3CEBF5E7 /* Pods_RappiTestMovie_RappiTestMovieCatalogUITests.framework in Frameworks */,
			);
			runOnlyForDeploymentPostprocessing = 0;
		};
/* End PBXFrameworksBuildPhase section */

/* Begin PBXGroup section */
		9C29D06627625BCC002E8B54 /* Utilities */ = {
			isa = PBXGroup;
			children = (
				9C1F510E27628B7800757FA0 /* SuccesResponse.json */,
				9C1F510B27627C3E00757FA0 /* AsyncManagerSpy.swift */,
			);
			path = Utilities;
			sourceTree = "<group>";
		};
		9C37228327598D8000BC41BA /* TopRated */ = {
			isa = PBXGroup;
			children = (
				9C37228427598D9C00BC41BA /* TopRatedResponse.swift */,
			);
			path = TopRated;
			sourceTree = "<group>";
		};
		9C407AC7275578F100384A78 = {
			isa = PBXGroup;
			children = (
				9C407AD2275578F100384A78 /* RappiTestMovieCatalog */,
				9C407AE9275578F300384A78 /* RappiTestMovieCatalogTests */,
				9C407AD1275578F100384A78 /* Products */,
				E5963FD930AD8189DCACBC85 /* Pods */,
				CBD636BEACFCDD9DC5BCBF6B /* Frameworks */,
			);
			sourceTree = "<group>";
		};
		9C407AD1275578F100384A78 /* Products */ = {
			isa = PBXGroup;
			children = (
				9C407AD0275578F100384A78 /* RappiTestMovie.app */,
				9C407AE6275578F300384A78 /* RappiTestMovieTests.xctest */,
				9C407AF0275578F300384A78 /* RappiTestMovieCatalogUITests.xctest */,
			);
			name = Products;
			sourceTree = "<group>";
		};
		9C407AD2275578F100384A78 /* RappiTestMovieCatalog */ = {
			isa = PBXGroup;
			children = (
				9CE4165C2762C1DD00FC77C9 /* Action */,
				9C52C508276088860045E7D3 /* DataPersistance */,
				9CD9E8772756FDDE000ED66B /* Repositories */,
				9C407B092755813100384A78 /* Modules */,
				9C407B082755812A00384A78 /* Extensions */,
				9C407B07275580CD00384A78 /* Models */,
				9C407B06275580C400384A78 /* Networking */,
				9C407B05275580B100384A78 /* Resources */,
				9C407B04275580A600384A78 /* ReusablesUI */,
				9C407B032755809A00384A78 /* Utilities */,
				9C407AD3275578F100384A78 /* AppDelegate.swift */,
				9C407AD5275578F200384A78 /* SceneDelegate.swift */,
				9C407AD7275578F200384A78 /* ViewController.swift */,
				9C407AD9275578F200384A78 /* Main.storyboard */,
				9C407ADC275578F300384A78 /* Assets.xcassets */,
				9C407ADE275578F300384A78 /* LaunchScreen.storyboard */,
				9C407AE1275578F300384A78 /* Info.plist */,
			);
			path = RappiTestMovieCatalog;
			sourceTree = "<group>";
		};
		9C407AE9275578F300384A78 /* RappiTestMovieCatalogTests */ = {
			isa = PBXGroup;
			children = (
				9C29D06627625BCC002E8B54 /* Utilities */,
				9C52C5142760A8AD0045E7D3 /* RequestMoviesTest.swift */,
				9C29D04F2761235E002E8B54 /* OflineRepositoryTest.swift */,
			);
			path = RappiTestMovieCatalogTests;
			sourceTree = "<group>";
		};
		9C407B032755809A00384A78 /* Utilities */ = {
			isa = PBXGroup;
			children = (
			);
			path = Utilities;
			sourceTree = "<group>";
		};
		9C407B04275580A600384A78 /* ReusablesUI */ = {
			isa = PBXGroup;
			children = (
			);
			path = ReusablesUI;
			sourceTree = "<group>";
		};
		9C407B05275580B100384A78 /* Resources */ = {
			isa = PBXGroup;
			children = (
			);
			path = Resources;
			sourceTree = "<group>";
		};
		9C407B06275580C400384A78 /* Networking */ = {
			isa = PBXGroup;
			children = (
				9C407B0C2755872700384A78 /* ServicesProtocols */,
			);
			path = Networking;
			sourceTree = "<group>";
		};
		9C407B07275580CD00384A78 /* Models */ = {
			isa = PBXGroup;
			children = (
				9CD9E8732756FB20000ED66B /* Responses */,
				9CD9E8722756FB19000ED66B /* Request */,
			);
			path = Models;
			sourceTree = "<group>";
		};
		9C407B082755812A00384A78 /* Extensions */ = {
			isa = PBXGroup;
			children = (
			);
			path = Extensions;
			sourceTree = "<group>";
		};
		9C407B092755813100384A78 /* Modules */ = {
			isa = PBXGroup;
			children = (
				9C407B0B275581E400384A78 /* MovieDetail */,
				9C407B0A275581DD00384A78 /* Home */,
				9CE41696276418A400FC77C9 /* MainCoordinator.swift */,
			);
			path = Modules;
			sourceTree = "<group>";
		};
		9C407B0A275581DD00384A78 /* Home */ = {
			isa = PBXGroup;
			children = (
				9CE416812763D5DC00FC77C9 /* HomeView.swift */,
				9CE416822763D5DC00FC77C9 /* HomeView.xib */,
				9CE416872763E37300FC77C9 /* Presenter.swift */,
				9CE4168A2763E3A400FC77C9 /* Protocols.swift */,
				9CE4168D2763EF8F00FC77C9 /* Entities.swift */,
				9CE4169027640C4800FC77C9 /* Router.swift */,
				9CE416932764130100FC77C9 /* Interactor.swift */,
			);
			path = Home;
			sourceTree = "<group>";
		};
		9C407B0B275581E400384A78 /* MovieDetail */ = {
			isa = PBXGroup;
			children = (
			);
			path = MovieDetail;
			sourceTree = "<group>";
		};
		9C407B0C2755872700384A78 /* ServicesProtocols */ = {
			isa = PBXGroup;
			children = (
				9C407B0F2755873F00384A78 /* RequesProtocol.swift */,
				9C407B0D2755873F00384A78 /* Services.swift */,
				9C407B0E2755873F00384A78 /* StockURL.swift */,
			);
			path = ServicesProtocols;
			sourceTree = "<group>";
		};
		9C52C508276088860045E7D3 /* DataPersistance */ = {
			isa = PBXGroup;
			children = (
				9C29D060276185F5002E8B54 /* DBHelper.swift */,
				9C29D061276185F5002E8B54 /* MovieDB.swift */,
				9C52C5112760999D0045E7D3 /* CoreDataHelper.swift */,
				9C29D05D27618363002E8B54 /* PersistanceProtocols.swift */,
			);
			path = DataPersistance;
			sourceTree = "<group>";
		};
		9C850C39275ADD30003F524B /* Search */ = {
			isa = PBXGroup;
			children = (
				9C850C3A275ADD53003F524B /* SearchResponse.swift */,
			);
			path = Search;
			sourceTree = "<group>";
		};
		9CD9E86B2756FAAA000ED66B /* Populates */ = {
			isa = PBXGroup;
			children = (
				9CD9E86C2756FAD6000ED66B /* PopulatesResponse.swift */,
			);
			path = Populates;
			sourceTree = "<group>";
		};
		9CD9E8722756FB19000ED66B /* Request */ = {
			isa = PBXGroup;
			children = (
				9CD9E8742756FC71000ED66B /* PopulateMoviesRequest.swift */,
				9CD9E87F275700A8000ED66B /* UpcomingMoviesRequest.swift */,
				9C37228727598ED000BC41BA /* TopRatedRequest.swift */,
				9C52C50127603B6A0045E7D3 /* SearchRequest.swift */,
			);
			path = Request;
			sourceTree = "<group>";
		};
		9CD9E8732756FB20000ED66B /* Responses */ = {
			isa = PBXGroup;
			children = (
				9CD9E86D2756FAD6000ED66B /* MovieItem.swift */,
				9C850C39275ADD30003F524B /* Search */,
				9C37228327598D8000BC41BA /* TopRated */,
				9CD9E87827570043000ED66B /* Upcoming */,
				9CD9E86B2756FAAA000ED66B /* Populates */,
			);
			path = Responses;
			sourceTree = "<group>";
		};
		9CD9E8772756FDDE000ED66B /* Repositories */ = {
			isa = PBXGroup;
			children = (
				9C52C50427606CF90045E7D3 /* MoviesRepository.swift */,
			);
			path = Repositories;
			sourceTree = "<group>";
		};
		9CD9E87827570043000ED66B /* Upcoming */ = {
			isa = PBXGroup;
			children = (
				9CD9E87A27570058000ED66B /* Dates.swift */,
				9CD9E87927570058000ED66B /* UpcomingResponse.swift */,
			);
			path = Upcoming;
			sourceTree = "<group>";
		};
		9CE4165C2762C1DD00FC77C9 /* Action */ = {
			isa = PBXGroup;
			children = (
				9CE4165D2762C1F900FC77C9 /* PopuparMovies.swift */,
				9CE416602762C8D200FC77C9 /* UpcomingMovies.swift */,
				9CE416632762C91100FC77C9 /* TopRatedMovies.swift */,
				9CE416662762CA4400FC77C9 /* SearchMovies.swift */,
			);
			path = Action;
			sourceTree = "<group>";
		};
		CBD636BEACFCDD9DC5BCBF6B /* Frameworks */ = {
			isa = PBXGroup;
			children = (
				C2FD7C1EEEA91C9FE8D1DB76 /* Pods_RappiTestMovie.framework */,
				288F5E5913DAAFC1DBDCB22C /* Pods_RappiTestMovie_RappiTestMovieCatalogUITests.framework */,
				9AF2E690921EADD496BB26D0 /* Pods_RappiTestMovieTests.framework */,
			);
			name = Frameworks;
			sourceTree = "<group>";
		};
		E5963FD930AD8189DCACBC85 /* Pods */ = {
			isa = PBXGroup;
			children = (
				850277EB1DD327C7D0ED5EB3 /* Pods-RappiTestMovieCatalog.debug.xcconfig */,
				E33DC26D17BECCA12866B746 /* Pods-RappiTestMovieCatalog.release.xcconfig */,
				10AA5EFE97F54D55FD90679D /* Pods-RappiTestMovieCatalog-RappiTestMovieCatalogUITests.debug.xcconfig */,
				223D12F96242FCFF7E118938 /* Pods-RappiTestMovieCatalog-RappiTestMovieCatalogUITests.release.xcconfig */,
				AEFE82A3ACEB1C3F8E6ADAFA /* Pods-RappiTestMovieCatalogTests.debug.xcconfig */,
				3EC3F1C99E8D563B61F41F70 /* Pods-RappiTestMovieCatalogTests.release.xcconfig */,
				BA7FB401844689CA6A178D94 /* Pods-RappiTestMovie.debug.xcconfig */,
				68A289FE3F4A062D85FD6D48 /* Pods-RappiTestMovie.release.xcconfig */,
				A8BDF4A301BB9B4658EB9F83 /* Pods-RappiTestMovie-RappiTestMovieCatalogUITests.debug.xcconfig */,
				545ABDFF92165D8F42DBBD4A /* Pods-RappiTestMovie-RappiTestMovieCatalogUITests.release.xcconfig */,
				CC3057A39352F717EE5E34A8 /* Pods-RappiTestMovieTests.debug.xcconfig */,
				6E8B3CC3E98503234012D2AD /* Pods-RappiTestMovieTests.release.xcconfig */,
			);
			path = Pods;
			sourceTree = "<group>";
		};
/* End PBXGroup section */

/* Begin PBXNativeTarget section */
		9C407ACF275578F100384A78 /* RappiTestMovie */ = {
			isa = PBXNativeTarget;
			buildConfigurationList = 9C407AFA275578F300384A78 /* Build configuration list for PBXNativeTarget "RappiTestMovie" */;
			buildPhases = (
				A785066FB9CD31A6E4E191AB /* [CP] Check Pods Manifest.lock */,
				9C407ACC275578F100384A78 /* Sources */,
				9C407ACD275578F100384A78 /* Frameworks */,
				9C407ACE275578F100384A78 /* Resources */,
				176C24C385CE5898DBE15932 /* [CP] Embed Pods Frameworks */,
			);
			buildRules = (
			);
			dependencies = (
			);
			name = RappiTestMovie;
			productName = RappiTestMovieCatalog;
			productReference = 9C407AD0275578F100384A78 /* RappiTestMovie.app */;
			productType = "com.apple.product-type.application";
		};
		9C407AE5275578F300384A78 /* RappiTestMovieTests */ = {
			isa = PBXNativeTarget;
			buildConfigurationList = 9C407AFD275578F300384A78 /* Build configuration list for PBXNativeTarget "RappiTestMovieTests" */;
			buildPhases = (
				D5BF5A37A4791E94300B75D4 /* [CP] Check Pods Manifest.lock */,
				9C407AE2275578F300384A78 /* Sources */,
				9C407AE3275578F300384A78 /* Frameworks */,
				9C407AE4275578F300384A78 /* Resources */,
			);
			buildRules = (
			);
			dependencies = (
				9C407AE8275578F300384A78 /* PBXTargetDependency */,
			);
			name = RappiTestMovieTests;
			productName = RappiTestMovieCatalogTests;
			productReference = 9C407AE6275578F300384A78 /* RappiTestMovieTests.xctest */;
			productType = "com.apple.product-type.bundle.unit-test";
		};
		9C407AEF275578F300384A78 /* RappiTestMovieCatalogUITests */ = {
			isa = PBXNativeTarget;
			buildConfigurationList = 9C407B00275578F300384A78 /* Build configuration list for PBXNativeTarget "RappiTestMovieCatalogUITests" */;
			buildPhases = (
				8594B4F036426565C9637F2C /* [CP] Check Pods Manifest.lock */,
				9C407AEC275578F300384A78 /* Sources */,
				9C407AED275578F300384A78 /* Frameworks */,
				9C407AEE275578F300384A78 /* Resources */,
				31C42C8BCA1E1BBC26FB3174 /* [CP] Embed Pods Frameworks */,
			);
			buildRules = (
			);
			dependencies = (
				9C407AF2275578F300384A78 /* PBXTargetDependency */,
			);
			name = RappiTestMovieCatalogUITests;
			productName = RappiTestMovieCatalogUITests;
			productReference = 9C407AF0275578F300384A78 /* RappiTestMovieCatalogUITests.xctest */;
			productType = "com.apple.product-type.bundle.ui-testing";
		};
/* End PBXNativeTarget section */

/* Begin PBXProject section */
		9C407AC8275578F100384A78 /* Project object */ = {
			isa = PBXProject;
			attributes = {
				BuildIndependentTargetsInParallel = 1;
				LastSwiftUpdateCheck = 1310;
				LastUpgradeCheck = 1310;
				TargetAttributes = {
					9C407ACF275578F100384A78 = {
						CreatedOnToolsVersion = 13.1;
					};
					9C407AE5275578F300384A78 = {
						CreatedOnToolsVersion = 13.1;
						TestTargetID = 9C407ACF275578F100384A78;
					};
					9C407AEF275578F300384A78 = {
						CreatedOnToolsVersion = 13.1;
						TestTargetID = 9C407ACF275578F100384A78;
					};
				};
			};
			buildConfigurationList = 9C407ACB275578F100384A78 /* Build configuration list for PBXProject "RappiTestMovieCatalog" */;
			compatibilityVersion = "Xcode 13.0";
			developmentRegion = en;
			hasScannedForEncodings = 0;
			knownRegions = (
				en,
				Base,
			);
			mainGroup = 9C407AC7275578F100384A78;
			productRefGroup = 9C407AD1275578F100384A78 /* Products */;
			projectDirPath = "";
			projectRoot = "";
			targets = (
				9C407ACF275578F100384A78 /* RappiTestMovie */,
				9C407AE5275578F300384A78 /* RappiTestMovieTests */,
				9C407AEF275578F300384A78 /* RappiTestMovieCatalogUITests */,
			);
		};
/* End PBXProject section */

/* Begin PBXResourcesBuildPhase section */
		9C407ACE275578F100384A78 /* Resources */ = {
			isa = PBXResourcesBuildPhase;
			buildActionMask = 2147483647;
			files = (
				9C407AE0275578F300384A78 /* LaunchScreen.storyboard in Resources */,
				9C1F510F27628B7900757FA0 /* SuccesResponse.json in Resources */,
				9C407ADD275578F300384A78 /* Assets.xcassets in Resources */,
				9C407ADB275578F200384A78 /* Main.storyboard in Resources */,
				9CE416852763D5DC00FC77C9 /* HomeView.xib in Resources */,
			);
			runOnlyForDeploymentPostprocessing = 0;
		};
		9C407AE4275578F300384A78 /* Resources */ = {
			isa = PBXResourcesBuildPhase;
			buildActionMask = 2147483647;
			files = (
				9C1F511027628B7900757FA0 /* SuccesResponse.json in Resources */,
				9CE416862763D5DC00FC77C9 /* HomeView.xib in Resources */,
			);
			runOnlyForDeploymentPostprocessing = 0;
		};
		9C407AEE275578F300384A78 /* Resources */ = {
			isa = PBXResourcesBuildPhase;
			buildActionMask = 2147483647;
			files = (
			);
			runOnlyForDeploymentPostprocessing = 0;
		};
/* End PBXResourcesBuildPhase section */

/* Begin PBXShellScriptBuildPhase section */
		176C24C385CE5898DBE15932 /* [CP] Embed Pods Frameworks */ = {
			isa = PBXShellScriptBuildPhase;
			buildActionMask = 2147483647;
			files = (
			);
			inputFileListPaths = (
				"${PODS_ROOT}/Target Support Files/Pods-RappiTestMovie/Pods-RappiTestMovie-frameworks-${CONFIGURATION}-input-files.xcfilelist",
			);
			name = "[CP] Embed Pods Frameworks";
			outputFileListPaths = (
				"${PODS_ROOT}/Target Support Files/Pods-RappiTestMovie/Pods-RappiTestMovie-frameworks-${CONFIGURATION}-output-files.xcfilelist",
			);
			runOnlyForDeploymentPostprocessing = 0;
			shellPath = /bin/sh;
			shellScript = "\"${PODS_ROOT}/Target Support Files/Pods-RappiTestMovie/Pods-RappiTestMovie-frameworks.sh\"\n";
			showEnvVarsInLog = 0;
		};
		31C42C8BCA1E1BBC26FB3174 /* [CP] Embed Pods Frameworks */ = {
			isa = PBXShellScriptBuildPhase;
			buildActionMask = 2147483647;
			files = (
			);
			inputFileListPaths = (
				"${PODS_ROOT}/Target Support Files/Pods-RappiTestMovie-RappiTestMovieCatalogUITests/Pods-RappiTestMovie-RappiTestMovieCatalogUITests-frameworks-${CONFIGURATION}-input-files.xcfilelist",
			);
			name = "[CP] Embed Pods Frameworks";
			outputFileListPaths = (
				"${PODS_ROOT}/Target Support Files/Pods-RappiTestMovie-RappiTestMovieCatalogUITests/Pods-RappiTestMovie-RappiTestMovieCatalogUITests-frameworks-${CONFIGURATION}-output-files.xcfilelist",
			);
			runOnlyForDeploymentPostprocessing = 0;
			shellPath = /bin/sh;
			shellScript = "\"${PODS_ROOT}/Target Support Files/Pods-RappiTestMovie-RappiTestMovieCatalogUITests/Pods-RappiTestMovie-RappiTestMovieCatalogUITests-frameworks.sh\"\n";
			showEnvVarsInLog = 0;
		};
		8594B4F036426565C9637F2C /* [CP] Check Pods Manifest.lock */ = {
			isa = PBXShellScriptBuildPhase;
			buildActionMask = 2147483647;
			files = (
			);
			inputFileListPaths = (
			);
			inputPaths = (
				"${PODS_PODFILE_DIR_PATH}/Podfile.lock",
				"${PODS_ROOT}/Manifest.lock",
			);
			name = "[CP] Check Pods Manifest.lock";
			outputFileListPaths = (
			);
			outputPaths = (
				"$(DERIVED_FILE_DIR)/Pods-RappiTestMovie-RappiTestMovieCatalogUITests-checkManifestLockResult.txt",
			);
			runOnlyForDeploymentPostprocessing = 0;
			shellPath = /bin/sh;
			shellScript = "diff \"${PODS_PODFILE_DIR_PATH}/Podfile.lock\" \"${PODS_ROOT}/Manifest.lock\" > /dev/null\nif [ $? != 0 ] ; then\n    # print error to STDERR\n    echo \"error: The sandbox is not in sync with the Podfile.lock. Run 'pod install' or update your CocoaPods installation.\" >&2\n    exit 1\nfi\n# This output is used by Xcode 'outputs' to avoid re-running this script phase.\necho \"SUCCESS\" > \"${SCRIPT_OUTPUT_FILE_0}\"\n";
			showEnvVarsInLog = 0;
		};
		A785066FB9CD31A6E4E191AB /* [CP] Check Pods Manifest.lock */ = {
			isa = PBXShellScriptBuildPhase;
			buildActionMask = 2147483647;
			files = (
			);
			inputFileListPaths = (
			);
			inputPaths = (
				"${PODS_PODFILE_DIR_PATH}/Podfile.lock",
				"${PODS_ROOT}/Manifest.lock",
			);
			name = "[CP] Check Pods Manifest.lock";
			outputFileListPaths = (
			);
			outputPaths = (
				"$(DERIVED_FILE_DIR)/Pods-RappiTestMovie-checkManifestLockResult.txt",
			);
			runOnlyForDeploymentPostprocessing = 0;
			shellPath = /bin/sh;
			shellScript = "diff \"${PODS_PODFILE_DIR_PATH}/Podfile.lock\" \"${PODS_ROOT}/Manifest.lock\" > /dev/null\nif [ $? != 0 ] ; then\n    # print error to STDERR\n    echo \"error: The sandbox is not in sync with the Podfile.lock. Run 'pod install' or update your CocoaPods installation.\" >&2\n    exit 1\nfi\n# This output is used by Xcode 'outputs' to avoid re-running this script phase.\necho \"SUCCESS\" > \"${SCRIPT_OUTPUT_FILE_0}\"\n";
			showEnvVarsInLog = 0;
		};
		D5BF5A37A4791E94300B75D4 /* [CP] Check Pods Manifest.lock */ = {
			isa = PBXShellScriptBuildPhase;
			buildActionMask = 2147483647;
			files = (
			);
			inputFileListPaths = (
			);
			inputPaths = (
				"${PODS_PODFILE_DIR_PATH}/Podfile.lock",
				"${PODS_ROOT}/Manifest.lock",
			);
			name = "[CP] Check Pods Manifest.lock";
			outputFileListPaths = (
			);
			outputPaths = (
				"$(DERIVED_FILE_DIR)/Pods-RappiTestMovieTests-checkManifestLockResult.txt",
			);
			runOnlyForDeploymentPostprocessing = 0;
			shellPath = /bin/sh;
			shellScript = "diff \"${PODS_PODFILE_DIR_PATH}/Podfile.lock\" \"${PODS_ROOT}/Manifest.lock\" > /dev/null\nif [ $? != 0 ] ; then\n    # print error to STDERR\n    echo \"error: The sandbox is not in sync with the Podfile.lock. Run 'pod install' or update your CocoaPods installation.\" >&2\n    exit 1\nfi\n# This output is used by Xcode 'outputs' to avoid re-running this script phase.\necho \"SUCCESS\" > \"${SCRIPT_OUTPUT_FILE_0}\"\n";
			showEnvVarsInLog = 0;
		};
/* End PBXShellScriptBuildPhase section */

/* Begin PBXSourcesBuildPhase section */
		9C407ACC275578F100384A78 /* Sources */ = {
			isa = PBXSourcesBuildPhase;
			buildActionMask = 2147483647;
			files = (
				9CE416832763D5DC00FC77C9 /* HomeView.swift in Sources */,
				9C52C50727606DAF0045E7D3 /* Services.swift in Sources */,
				9C407AD8275578F200384A78 /* ViewController.swift in Sources */,
				9CE4168E2763EF8F00FC77C9 /* Entities.swift in Sources */,
				9CD9E87D27570059000ED66B /* Dates.swift in Sources */,
				9CE4169127640C4800FC77C9 /* Router.swift in Sources */,
				9CE416942764130100FC77C9 /* Interactor.swift in Sources */,
				9CE4165E2762C1F900FC77C9 /* PopuparMovies.swift in Sources */,
				9CE416612762C8D200FC77C9 /* UpcomingMovies.swift in Sources */,
				9C407B142755873F00384A78 /* RequesProtocol.swift in Sources */,
				9CE416882763E37300FC77C9 /* Presenter.swift in Sources */,
				9CD9E87B27570058000ED66B /* UpcomingResponse.swift in Sources */,
				9CD9E86E2756FAD6000ED66B /* PopulatesResponse.swift in Sources */,
				9C29D064276185F6002E8B54 /* MovieDB.swift in Sources */,
				9CD9E8752756FC71000ED66B /* PopulateMoviesRequest.swift in Sources */,
				9CD9E8702756FAD6000ED66B /* MovieItem.swift in Sources */,
				9CE41697276418A400FC77C9 /* MainCoordinator.swift in Sources */,
				9C37228827598ED000BC41BA /* TopRatedRequest.swift in Sources */,
				9C407AD4275578F100384A78 /* AppDelegate.swift in Sources */,
				9C29D062276185F6002E8B54 /* DBHelper.swift in Sources */,
				9CE416672762CA4400FC77C9 /* SearchMovies.swift in Sources */,
				9C52C5122760999D0045E7D3 /* CoreDataHelper.swift in Sources */,
				9C407AD6275578F200384A78 /* SceneDelegate.swift in Sources */,
				9C850C3B275ADD53003F524B /* SearchResponse.swift in Sources */,
				9C407B122755873F00384A78 /* StockURL.swift in Sources */,
				9C52C50227603B6A0045E7D3 /* SearchRequest.swift in Sources */,
				9C29D05E27618363002E8B54 /* PersistanceProtocols.swift in Sources */,
				9C52C50527606CFA0045E7D3 /* MoviesRepository.swift in Sources */,
				9CE4168B2763E3A400FC77C9 /* Protocols.swift in Sources */,
				9CD9E880275700A8000ED66B /* UpcomingMoviesRequest.swift in Sources */,
				9CE416642762C91100FC77C9 /* TopRatedMovies.swift in Sources */,
				9C37228527598D9C00BC41BA /* TopRatedResponse.swift in Sources */,
				9C1F510C27627C3E00757FA0 /* AsyncManagerSpy.swift in Sources */,
			);
			runOnlyForDeploymentPostprocessing = 0;
		};
		9C407AE2275578F300384A78 /* Sources */ = {
			isa = PBXSourcesBuildPhase;
			buildActionMask = 2147483647;
			files = (
				9CE416842763D5DC00FC77C9 /* HomeView.swift in Sources */,
				9C850C3C275ADD53003F524B /* SearchResponse.swift in Sources */,
				9C52C50627606CFA0045E7D3 /* MoviesRepository.swift in Sources */,
				9CE4168F2763EF8F00FC77C9 /* Entities.swift in Sources */,
				9C52C5152760A8AD0045E7D3 /* RequestMoviesTest.swift in Sources */,
				9CE4169227640C4800FC77C9 /* Router.swift in Sources */,
				9CE416952764130100FC77C9 /* Interactor.swift in Sources */,
				9CE4165F2762C1F900FC77C9 /* PopuparMovies.swift in Sources */,
				9CE416622762C8D200FC77C9 /* UpcomingMovies.swift in Sources */,
				9C37228627598D9C00BC41BA /* TopRatedResponse.swift in Sources */,
				9CE416892763E37300FC77C9 /* Presenter.swift in Sources */,
				9C407B132755873F00384A78 /* StockURL.swift in Sources */,
				9CD9E8762756FC71000ED66B /* PopulateMoviesRequest.swift in Sources */,
				9C29D065276185F6002E8B54 /* MovieDB.swift in Sources */,
				9C37228927598ED000BC41BA /* TopRatedRequest.swift in Sources */,
				9C407B152755873F00384A78 /* RequesProtocol.swift in Sources */,
				9CE41698276418A400FC77C9 /* MainCoordinator.swift in Sources */,
				9C29D0502761235E002E8B54 /* OflineRepositoryTest.swift in Sources */,
				9CD9E86F2756FAD6000ED66B /* PopulatesResponse.swift in Sources */,
				9C29D063276185F6002E8B54 /* DBHelper.swift in Sources */,
				9CE416682762CA4400FC77C9 /* SearchMovies.swift in Sources */,
				9CD9E881275700A8000ED66B /* UpcomingMoviesRequest.swift in Sources */,
				9CD9E87C27570059000ED66B /* UpcomingResponse.swift in Sources */,
				9CD9E87E27570059000ED66B /* Dates.swift in Sources */,
				9C52C51027608FAE0045E7D3 /* ViewController.swift in Sources */,
				9C52C5132760999D0045E7D3 /* CoreDataHelper.swift in Sources */,
				9C52C50327603B6A0045E7D3 /* SearchRequest.swift in Sources */,
				9C29D05F27618363002E8B54 /* PersistanceProtocols.swift in Sources */,
				9CE4168C2763E3A400FC77C9 /* Protocols.swift in Sources */,
				9CD9E8712756FAD6000ED66B /* MovieItem.swift in Sources */,
				9CE416652762C91100FC77C9 /* TopRatedMovies.swift in Sources */,
				9C407B112755873F00384A78 /* Services.swift in Sources */,
				9C1F510D27627C3E00757FA0 /* AsyncManagerSpy.swift in Sources */,
			);
			runOnlyForDeploymentPostprocessing = 0;
		};
		9C407AEC275578F300384A78 /* Sources */ = {
			isa = PBXSourcesBuildPhase;
			buildActionMask = 2147483647;
			files = (
			);
			runOnlyForDeploymentPostprocessing = 0;
		};
/* End PBXSourcesBuildPhase section */

/* Begin PBXTargetDependency section */
		9C407AE8275578F300384A78 /* PBXTargetDependency */ = {
			isa = PBXTargetDependency;
			target = 9C407ACF275578F100384A78 /* RappiTestMovie */;
			targetProxy = 9C407AE7275578F300384A78 /* PBXContainerItemProxy */;
		};
		9C407AF2275578F300384A78 /* PBXTargetDependency */ = {
			isa = PBXTargetDependency;
			target = 9C407ACF275578F100384A78 /* RappiTestMovie */;
			targetProxy = 9C407AF1275578F300384A78 /* PBXContainerItemProxy */;
		};
/* End PBXTargetDependency section */

/* Begin PBXVariantGroup section */
		9C407AD9275578F200384A78 /* Main.storyboard */ = {
			isa = PBXVariantGroup;
			children = (
				9C407ADA275578F200384A78 /* Base */,
			);
			name = Main.storyboard;
			sourceTree = "<group>";
		};
		9C407ADE275578F300384A78 /* LaunchScreen.storyboard */ = {
			isa = PBXVariantGroup;
			children = (
				9C407ADF275578F300384A78 /* Base */,
			);
			name = LaunchScreen.storyboard;
			sourceTree = "<group>";
		};
/* End PBXVariantGroup section */

/* Begin XCBuildConfiguration section */
		9C407AF8275578F300384A78 /* Debug */ = {
			isa = XCBuildConfiguration;
			buildSettings = {
				ALWAYS_SEARCH_USER_PATHS = NO;
				CLANG_ANALYZER_NONNULL = YES;
				CLANG_ANALYZER_NUMBER_OBJECT_CONVERSION = YES_AGGRESSIVE;
				CLANG_CXX_LANGUAGE_STANDARD = "gnu++17";
				CLANG_CXX_LIBRARY = "libc++";
				CLANG_ENABLE_MODULES = YES;
				CLANG_ENABLE_OBJC_ARC = YES;
				CLANG_ENABLE_OBJC_WEAK = YES;
				CLANG_WARN_BLOCK_CAPTURE_AUTORELEASING = YES;
				CLANG_WARN_BOOL_CONVERSION = YES;
				CLANG_WARN_COMMA = YES;
				CLANG_WARN_CONSTANT_CONVERSION = YES;
				CLANG_WARN_DEPRECATED_OBJC_IMPLEMENTATIONS = YES;
				CLANG_WARN_DIRECT_OBJC_ISA_USAGE = YES_ERROR;
				CLANG_WARN_DOCUMENTATION_COMMENTS = YES;
				CLANG_WARN_EMPTY_BODY = YES;
				CLANG_WARN_ENUM_CONVERSION = YES;
				CLANG_WARN_INFINITE_RECURSION = YES;
				CLANG_WARN_INT_CONVERSION = YES;
				CLANG_WARN_NON_LITERAL_NULL_CONVERSION = YES;
				CLANG_WARN_OBJC_IMPLICIT_RETAIN_SELF = YES;
				CLANG_WARN_OBJC_LITERAL_CONVERSION = YES;
				CLANG_WARN_OBJC_ROOT_CLASS = YES_ERROR;
				CLANG_WARN_QUOTED_INCLUDE_IN_FRAMEWORK_HEADER = YES;
				CLANG_WARN_RANGE_LOOP_ANALYSIS = YES;
				CLANG_WARN_STRICT_PROTOTYPES = YES;
				CLANG_WARN_SUSPICIOUS_MOVE = YES;
				CLANG_WARN_UNGUARDED_AVAILABILITY = YES_AGGRESSIVE;
				CLANG_WARN_UNREACHABLE_CODE = YES;
				CLANG_WARN__DUPLICATE_METHOD_MATCH = YES;
				COPY_PHASE_STRIP = NO;
				DEBUG_INFORMATION_FORMAT = dwarf;
				ENABLE_STRICT_OBJC_MSGSEND = YES;
				ENABLE_TESTABILITY = YES;
				GCC_C_LANGUAGE_STANDARD = gnu11;
				GCC_DYNAMIC_NO_PIC = NO;
				GCC_NO_COMMON_BLOCKS = YES;
				GCC_OPTIMIZATION_LEVEL = 0;
				GCC_PREPROCESSOR_DEFINITIONS = (
					"DEBUG=1",
					"$(inherited)",
				);
				GCC_WARN_64_TO_32_BIT_CONVERSION = YES;
				GCC_WARN_ABOUT_RETURN_TYPE = YES_ERROR;
				GCC_WARN_UNDECLARED_SELECTOR = YES;
				GCC_WARN_UNINITIALIZED_AUTOS = YES_AGGRESSIVE;
				GCC_WARN_UNUSED_FUNCTION = YES;
				GCC_WARN_UNUSED_VARIABLE = YES;
				IPHONEOS_DEPLOYMENT_TARGET = 15.0;
				MTL_ENABLE_DEBUG_INFO = INCLUDE_SOURCE;
				MTL_FAST_MATH = YES;
				ONLY_ACTIVE_ARCH = YES;
				SDKROOT = iphoneos;
				SWIFT_ACTIVE_COMPILATION_CONDITIONS = DEBUG;
				SWIFT_OPTIMIZATION_LEVEL = "-Onone";
			};
			name = Debug;
		};
		9C407AF9275578F300384A78 /* Release */ = {
			isa = XCBuildConfiguration;
			buildSettings = {
				ALWAYS_SEARCH_USER_PATHS = NO;
				CLANG_ANALYZER_NONNULL = YES;
				CLANG_ANALYZER_NUMBER_OBJECT_CONVERSION = YES_AGGRESSIVE;
				CLANG_CXX_LANGUAGE_STANDARD = "gnu++17";
				CLANG_CXX_LIBRARY = "libc++";
				CLANG_ENABLE_MODULES = YES;
				CLANG_ENABLE_OBJC_ARC = YES;
				CLANG_ENABLE_OBJC_WEAK = YES;
				CLANG_WARN_BLOCK_CAPTURE_AUTORELEASING = YES;
				CLANG_WARN_BOOL_CONVERSION = YES;
				CLANG_WARN_COMMA = YES;
				CLANG_WARN_CONSTANT_CONVERSION = YES;
				CLANG_WARN_DEPRECATED_OBJC_IMPLEMENTATIONS = YES;
				CLANG_WARN_DIRECT_OBJC_ISA_USAGE = YES_ERROR;
				CLANG_WARN_DOCUMENTATION_COMMENTS = YES;
				CLANG_WARN_EMPTY_BODY = YES;
				CLANG_WARN_ENUM_CONVERSION = YES;
				CLANG_WARN_INFINITE_RECURSION = YES;
				CLANG_WARN_INT_CONVERSION = YES;
				CLANG_WARN_NON_LITERAL_NULL_CONVERSION = YES;
				CLANG_WARN_OBJC_IMPLICIT_RETAIN_SELF = YES;
				CLANG_WARN_OBJC_LITERAL_CONVERSION = YES;
				CLANG_WARN_OBJC_ROOT_CLASS = YES_ERROR;
				CLANG_WARN_QUOTED_INCLUDE_IN_FRAMEWORK_HEADER = YES;
				CLANG_WARN_RANGE_LOOP_ANALYSIS = YES;
				CLANG_WARN_STRICT_PROTOTYPES = YES;
				CLANG_WARN_SUSPICIOUS_MOVE = YES;
				CLANG_WARN_UNGUARDED_AVAILABILITY = YES_AGGRESSIVE;
				CLANG_WARN_UNREACHABLE_CODE = YES;
				CLANG_WARN__DUPLICATE_METHOD_MATCH = YES;
				COPY_PHASE_STRIP = NO;
				DEBUG_INFORMATION_FORMAT = "dwarf-with-dsym";
				ENABLE_NS_ASSERTIONS = NO;
				ENABLE_STRICT_OBJC_MSGSEND = YES;
				GCC_C_LANGUAGE_STANDARD = gnu11;
				GCC_NO_COMMON_BLOCKS = YES;
				GCC_WARN_64_TO_32_BIT_CONVERSION = YES;
				GCC_WARN_ABOUT_RETURN_TYPE = YES_ERROR;
				GCC_WARN_UNDECLARED_SELECTOR = YES;
				GCC_WARN_UNINITIALIZED_AUTOS = YES_AGGRESSIVE;
				GCC_WARN_UNUSED_FUNCTION = YES;
				GCC_WARN_UNUSED_VARIABLE = YES;
				IPHONEOS_DEPLOYMENT_TARGET = 15.0;
				MTL_ENABLE_DEBUG_INFO = NO;
				MTL_FAST_MATH = YES;
				SDKROOT = iphoneos;
				SWIFT_COMPILATION_MODE = wholemodule;
				SWIFT_OPTIMIZATION_LEVEL = "-O";
				VALIDATE_PRODUCT = YES;
			};
			name = Release;
		};
		9C407AFB275578F300384A78 /* Debug */ = {
			isa = XCBuildConfiguration;
			baseConfigurationReference = BA7FB401844689CA6A178D94 /* Pods-RappiTestMovie.debug.xcconfig */;
			buildSettings = {
				ASSETCATALOG_COMPILER_APPICON_NAME = AppIcon;
				ASSETCATALOG_COMPILER_GLOBAL_ACCENT_COLOR_NAME = AccentColor;
				CODE_SIGN_STYLE = Automatic;
				CURRENT_PROJECT_VERSION = 1;
				DEVELOPMENT_TEAM = D8ZWK7G9HX;
				GENERATE_INFOPLIST_FILE = YES;
				INFOPLIST_FILE = RappiTestMovieCatalog/Info.plist;
				INFOPLIST_KEY_UIApplicationSupportsIndirectInputEvents = YES;
				INFOPLIST_KEY_UILaunchStoryboardName = LaunchScreen;
				INFOPLIST_KEY_UIMainStoryboardFile = Main;
				INFOPLIST_KEY_UISupportedInterfaceOrientations_iPad = "UIInterfaceOrientationPortrait UIInterfaceOrientationPortraitUpsideDown UIInterfaceOrientationLandscapeLeft UIInterfaceOrientationLandscapeRight";
				INFOPLIST_KEY_UISupportedInterfaceOrientations_iPhone = "UIInterfaceOrientationPortrait UIInterfaceOrientationLandscapeLeft UIInterfaceOrientationLandscapeRight";
				LD_RUNPATH_SEARCH_PATHS = (
					"$(inherited)",
					"@executable_path/Frameworks",
				);
				MARKETING_VERSION = 1.0;
				PRODUCT_BUNDLE_IDENTIFIER = adriandgzg.Rappi.RappiTest;
				PRODUCT_NAME = "$(TARGET_NAME)";
				SWIFT_EMIT_LOC_STRINGS = YES;
				SWIFT_VERSION = 5.0;
				TARGETED_DEVICE_FAMILY = "1,2";
			};
			name = Debug;
		};
		9C407AFC275578F300384A78 /* Release */ = {
			isa = XCBuildConfiguration;
			baseConfigurationReference = 68A289FE3F4A062D85FD6D48 /* Pods-RappiTestMovie.release.xcconfig */;
			buildSettings = {
				ASSETCATALOG_COMPILER_APPICON_NAME = AppIcon;
				ASSETCATALOG_COMPILER_GLOBAL_ACCENT_COLOR_NAME = AccentColor;
				CODE_SIGN_STYLE = Automatic;
				CURRENT_PROJECT_VERSION = 1;
				DEVELOPMENT_TEAM = D8ZWK7G9HX;
				GENERATE_INFOPLIST_FILE = YES;
				INFOPLIST_FILE = RappiTestMovieCatalog/Info.plist;
				INFOPLIST_KEY_UIApplicationSupportsIndirectInputEvents = YES;
				INFOPLIST_KEY_UILaunchStoryboardName = LaunchScreen;
				INFOPLIST_KEY_UIMainStoryboardFile = Main;
				INFOPLIST_KEY_UISupportedInterfaceOrientations_iPad = "UIInterfaceOrientationPortrait UIInterfaceOrientationPortraitUpsideDown UIInterfaceOrientationLandscapeLeft UIInterfaceOrientationLandscapeRight";
				INFOPLIST_KEY_UISupportedInterfaceOrientations_iPhone = "UIInterfaceOrientationPortrait UIInterfaceOrientationLandscapeLeft UIInterfaceOrientationLandscapeRight";
				LD_RUNPATH_SEARCH_PATHS = (
					"$(inherited)",
					"@executable_path/Frameworks",
				);
				MARKETING_VERSION = 1.0;
				PRODUCT_BUNDLE_IDENTIFIER = adriandgzg.Rappi.RappiTest;
				PRODUCT_NAME = "$(TARGET_NAME)";
				SWIFT_EMIT_LOC_STRINGS = YES;
				SWIFT_VERSION = 5.0;
				TARGETED_DEVICE_FAMILY = "1,2";
			};
			name = Release;
		};
		9C407AFE275578F300384A78 /* Debug */ = {
			isa = XCBuildConfiguration;
			baseConfigurationReference = CC3057A39352F717EE5E34A8 /* Pods-RappiTestMovieTests.debug.xcconfig */;
			buildSettings = {
				ALWAYS_EMBED_SWIFT_STANDARD_LIBRARIES = YES;
				BUNDLE_LOADER = "$(TEST_HOST)";
				CODE_SIGN_IDENTITY = "Apple Development";
				"CODE_SIGN_IDENTITY[sdk=macosx*]" = "Apple Development";
				CODE_SIGN_STYLE = Automatic;
				CURRENT_PROJECT_VERSION = 1;
				DEVELOPMENT_TEAM = "";
				GENERATE_INFOPLIST_FILE = YES;
				IPHONEOS_DEPLOYMENT_TARGET = 15.0;
				LD_RUNPATH_SEARCH_PATHS = (
					"$(inherited)",
					"@executable_path/Frameworks",
					"@loader_path/Frameworks",
				);
				MARKETING_VERSION = 1.0;
				PRODUCT_BUNDLE_IDENTIFIER = adriandgzg.Rappi.RappiTestMovieCatalogTests;
				PRODUCT_NAME = "$(TARGET_NAME)";
				PROVISIONING_PROFILE_SPECIFIER = "";
				"PROVISIONING_PROFILE_SPECIFIER[sdk=macosx*]" = "";
				SWIFT_EMIT_LOC_STRINGS = NO;
				SWIFT_VERSION = 5.0;
				TARGETED_DEVICE_FAMILY = "1,2";
				TEST_HOST = "$(BUILT_PRODUCTS_DIR)/RappiTestMovie.app/RappiTestMovie";
			};
			name = Debug;
		};
		9C407AFF275578F300384A78 /* Release */ = {
			isa = XCBuildConfiguration;
			baseConfigurationReference = 6E8B3CC3E98503234012D2AD /* Pods-RappiTestMovieTests.release.xcconfig */;
			buildSettings = {
				ALWAYS_EMBED_SWIFT_STANDARD_LIBRARIES = YES;
				BUNDLE_LOADER = "$(TEST_HOST)";
				CODE_SIGN_IDENTITY = "Apple Development";
				"CODE_SIGN_IDENTITY[sdk=macosx*]" = "Apple Development";
				CODE_SIGN_STYLE = Automatic;
				CURRENT_PROJECT_VERSION = 1;
				DEVELOPMENT_TEAM = "";
				GENERATE_INFOPLIST_FILE = YES;
				IPHONEOS_DEPLOYMENT_TARGET = 15.0;
				LD_RUNPATH_SEARCH_PATHS = (
					"$(inherited)",
					"@executable_path/Frameworks",
					"@loader_path/Frameworks",
				);
				MARKETING_VERSION = 1.0;
				PRODUCT_BUNDLE_IDENTIFIER = adriandgzg.Rappi.RappiTestMovieCatalogTests;
				PRODUCT_NAME = "$(TARGET_NAME)";
				PROVISIONING_PROFILE_SPECIFIER = "";
				"PROVISIONING_PROFILE_SPECIFIER[sdk=macosx*]" = "";
				SWIFT_EMIT_LOC_STRINGS = NO;
				SWIFT_VERSION = 5.0;
				TARGETED_DEVICE_FAMILY = "1,2";
				TEST_HOST = "$(BUILT_PRODUCTS_DIR)/RappiTestMovie.app/RappiTestMovie";
			};
			name = Release;
		};
		9C407B01275578F300384A78 /* Debug */ = {
			isa = XCBuildConfiguration;
			baseConfigurationReference = A8BDF4A301BB9B4658EB9F83 /* Pods-RappiTestMovie-RappiTestMovieCatalogUITests.debug.xcconfig */;
			buildSettings = {
				ALWAYS_EMBED_SWIFT_STANDARD_LIBRARIES = YES;
				CODE_SIGN_STYLE = Automatic;
				CURRENT_PROJECT_VERSION = 1;
				GENERATE_INFOPLIST_FILE = YES;
				LD_RUNPATH_SEARCH_PATHS = (
					"$(inherited)",
					"@executable_path/Frameworks",
					"@loader_path/Frameworks",
				);
				MARKETING_VERSION = 1.0;
				PRODUCT_BUNDLE_IDENTIFIER = adriandgzg.Rappi.RappiTestMovieCatalogUITests;
				PRODUCT_NAME = "$(TARGET_NAME)";
				SWIFT_EMIT_LOC_STRINGS = NO;
				SWIFT_VERSION = 5.0;
				TARGETED_DEVICE_FAMILY = "1,2";
				TEST_TARGET_NAME = RappiTestMovieCatalog;
			};
			name = Debug;
		};
		9C407B02275578F300384A78 /* Release */ = {
			isa = XCBuildConfiguration;
			baseConfigurationReference = 545ABDFF92165D8F42DBBD4A /* Pods-RappiTestMovie-RappiTestMovieCatalogUITests.release.xcconfig */;
			buildSettings = {
				ALWAYS_EMBED_SWIFT_STANDARD_LIBRARIES = YES;
				CODE_SIGN_STYLE = Automatic;
				CURRENT_PROJECT_VERSION = 1;
				GENERATE_INFOPLIST_FILE = YES;
				LD_RUNPATH_SEARCH_PATHS = (
					"$(inherited)",
					"@executable_path/Frameworks",
					"@loader_path/Frameworks",
				);
				MARKETING_VERSION = 1.0;
				PRODUCT_BUNDLE_IDENTIFIER = adriandgzg.Rappi.RappiTestMovieCatalogUITests;
				PRODUCT_NAME = "$(TARGET_NAME)";
				SWIFT_EMIT_LOC_STRINGS = NO;
				SWIFT_VERSION = 5.0;
				TARGETED_DEVICE_FAMILY = "1,2";
				TEST_TARGET_NAME = RappiTestMovieCatalog;
			};
			name = Release;
		};
/* End XCBuildConfiguration section */

/* Begin XCConfigurationList section */
		9C407ACB275578F100384A78 /* Build configuration list for PBXProject "RappiTestMovieCatalog" */ = {
			isa = XCConfigurationList;
			buildConfigurations = (
				9C407AF8275578F300384A78 /* Debug */,
				9C407AF9275578F300384A78 /* Release */,
			);
			defaultConfigurationIsVisible = 0;
			defaultConfigurationName = Release;
		};
		9C407AFA275578F300384A78 /* Build configuration list for PBXNativeTarget "RappiTestMovie" */ = {
			isa = XCConfigurationList;
			buildConfigurations = (
				9C407AFB275578F300384A78 /* Debug */,
				9C407AFC275578F300384A78 /* Release */,
			);
			defaultConfigurationIsVisible = 0;
			defaultConfigurationName = Release;
		};
		9C407AFD275578F300384A78 /* Build configuration list for PBXNativeTarget "RappiTestMovieTests" */ = {
			isa = XCConfigurationList;
			buildConfigurations = (
				9C407AFE275578F300384A78 /* Debug */,
				9C407AFF275578F300384A78 /* Release */,
			);
			defaultConfigurationIsVisible = 0;
			defaultConfigurationName = Release;
		};
		9C407B00275578F300384A78 /* Build configuration list for PBXNativeTarget "RappiTestMovieCatalogUITests" */ = {
			isa = XCConfigurationList;
			buildConfigurations = (
				9C407B01275578F300384A78 /* Debug */,
				9C407B02275578F300384A78 /* Release */,
			);
			defaultConfigurationIsVisible = 0;
			defaultConfigurationName = Release;
		};
/* End XCConfigurationList section */
	};
	rootObject = 9C407AC8275578F100384A78 /* Project object */;
}
