// !$*UTF8*$!
{
	archiveVersion = 1;
	classes = {
	};
	objectVersion = 55;
	objects = {

/* Begin PBXBuildFile section */
		8F8D279D7482E97C7805C6A2 /* Pods_RappiTestMovieCatalogTests.framework in Frameworks */ = {isa = PBXBuildFile; fileRef = 4BACCAC90174087F3D25EED3 /* Pods_RappiTestMovieCatalogTests.framework */; };
		9C407AD4275578F100384A78 /* AppDelegate.swift in Sources */ = {isa = PBXBuildFile; fileRef = 9C407AD3275578F100384A78 /* AppDelegate.swift */; };
		9C407AD6275578F200384A78 /* SceneDelegate.swift in Sources */ = {isa = PBXBuildFile; fileRef = 9C407AD5275578F200384A78 /* SceneDelegate.swift */; };
		9C407AD8275578F200384A78 /* ViewController.swift in Sources */ = {isa = PBXBuildFile; fileRef = 9C407AD7275578F200384A78 /* ViewController.swift */; };
		9C407ADB275578F200384A78 /* Main.storyboard in Resources */ = {isa = PBXBuildFile; fileRef = 9C407AD9275578F200384A78 /* Main.storyboard */; };
		9C407ADD275578F300384A78 /* Assets.xcassets in Resources */ = {isa = PBXBuildFile; fileRef = 9C407ADC275578F300384A78 /* Assets.xcassets */; };
		9C407AE0275578F300384A78 /* LaunchScreen.storyboard in Resources */ = {isa = PBXBuildFile; fileRef = 9C407ADE275578F300384A78 /* LaunchScreen.storyboard */; };
		9C407AEB275578F300384A78 /* RappiTestMovieCatalogTests.swift in Sources */ = {isa = PBXBuildFile; fileRef = 9C407AEA275578F300384A78 /* RappiTestMovieCatalogTests.swift */; };
		9C407AF5275578F300384A78 /* RappiTestMovieCatalogUITests.swift in Sources */ = {isa = PBXBuildFile; fileRef = 9C407AF4275578F300384A78 /* RappiTestMovieCatalogUITests.swift */; };
		9C407AF7275578F300384A78 /* RappiTestMovieCatalogUITestsLaunchTests.swift in Sources */ = {isa = PBXBuildFile; fileRef = 9C407AF6275578F300384A78 /* RappiTestMovieCatalogUITestsLaunchTests.swift */; };
		9C407B102755873F00384A78 /* Services.swift in Sources */ = {isa = PBXBuildFile; fileRef = 9C407B0D2755873F00384A78 /* Services.swift */; };
		9C407B112755873F00384A78 /* Services.swift in Sources */ = {isa = PBXBuildFile; fileRef = 9C407B0D2755873F00384A78 /* Services.swift */; };
		9C407B122755873F00384A78 /* StockURL.swift in Sources */ = {isa = PBXBuildFile; fileRef = 9C407B0E2755873F00384A78 /* StockURL.swift */; };
		9C407B132755873F00384A78 /* StockURL.swift in Sources */ = {isa = PBXBuildFile; fileRef = 9C407B0E2755873F00384A78 /* StockURL.swift */; };
		9C407B142755873F00384A78 /* RequesProtocol.swift in Sources */ = {isa = PBXBuildFile; fileRef = 9C407B0F2755873F00384A78 /* RequesProtocol.swift */; };
		9C407B152755873F00384A78 /* RequesProtocol.swift in Sources */ = {isa = PBXBuildFile; fileRef = 9C407B0F2755873F00384A78 /* RequesProtocol.swift */; };
		B4DBBA5FD516C558ADB4BD39 /* Pods_RappiTestMovieCatalog_RappiTestMovieCatalogUITests.framework in Frameworks */ = {isa = PBXBuildFile; fileRef = A94A9DEB4ED3D655819319D5 /* Pods_RappiTestMovieCatalog_RappiTestMovieCatalogUITests.framework */; };
		C94251F3F033361D0F435DFB /* Pods_RappiTestMovieCatalog.framework in Frameworks */ = {isa = PBXBuildFile; fileRef = 0466B703AE1218D617D334E5 /* Pods_RappiTestMovieCatalog.framework */; };
/* End PBXBuildFile section */

/* Begin PBXContainerItemProxy section */
		9C407AE7275578F300384A78 /* PBXContainerItemProxy */ = {
			isa = PBXContainerItemProxy;
			containerPortal = 9C407AC8275578F100384A78 /* Project object */;
			proxyType = 1;
			remoteGlobalIDString = 9C407ACF275578F100384A78;
			remoteInfo = RappiTestMovieCatalog;
		};
		9C407AF1275578F300384A78 /* PBXContainerItemProxy */ = {
			isa = PBXContainerItemProxy;
			containerPortal = 9C407AC8275578F100384A78 /* Project object */;
			proxyType = 1;
			remoteGlobalIDString = 9C407ACF275578F100384A78;
			remoteInfo = RappiTestMovieCatalog;
		};
/* End PBXContainerItemProxy section */

/* Begin PBXFileReference section */
		0466B703AE1218D617D334E5 /* Pods_RappiTestMovieCatalog.framework */ = {isa = PBXFileReference; explicitFileType = wrapper.framework; includeInIndex = 0; path = Pods_RappiTestMovieCatalog.framework; sourceTree = BUILT_PRODUCTS_DIR; };
		10AA5EFE97F54D55FD90679D /* Pods-RappiTestMovieCatalog-RappiTestMovieCatalogUITests.debug.xcconfig */ = {isa = PBXFileReference; includeInIndex = 1; lastKnownFileType = text.xcconfig; name = "Pods-RappiTestMovieCatalog-RappiTestMovieCatalogUITests.debug.xcconfig"; path = "Target Support Files/Pods-RappiTestMovieCatalog-RappiTestMovieCatalogUITests/Pods-RappiTestMovieCatalog-RappiTestMovieCatalogUITests.debug.xcconfig"; sourceTree = "<group>"; };
		223D12F96242FCFF7E118938 /* Pods-RappiTestMovieCatalog-RappiTestMovieCatalogUITests.release.xcconfig */ = {isa = PBXFileReference; includeInIndex = 1; lastKnownFileType = text.xcconfig; name = "Pods-RappiTestMovieCatalog-RappiTestMovieCatalogUITests.release.xcconfig"; path = "Target Support Files/Pods-RappiTestMovieCatalog-RappiTestMovieCatalogUITests/Pods-RappiTestMovieCatalog-RappiTestMovieCatalogUITests.release.xcconfig"; sourceTree = "<group>"; };
		3EC3F1C99E8D563B61F41F70 /* Pods-RappiTestMovieCatalogTests.release.xcconfig */ = {isa = PBXFileReference; includeInIndex = 1; lastKnownFileType = text.xcconfig; name = "Pods-RappiTestMovieCatalogTests.release.xcconfig"; path = "Target Support Files/Pods-RappiTestMovieCatalogTests/Pods-RappiTestMovieCatalogTests.release.xcconfig"; sourceTree = "<group>"; };
		4BACCAC90174087F3D25EED3 /* Pods_RappiTestMovieCatalogTests.framework */ = {isa = PBXFileReference; explicitFileType = wrapper.framework; includeInIndex = 0; path = Pods_RappiTestMovieCatalogTests.framework; sourceTree = BUILT_PRODUCTS_DIR; };
		850277EB1DD327C7D0ED5EB3 /* Pods-RappiTestMovieCatalog.debug.xcconfig */ = {isa = PBXFileReference; includeInIndex = 1; lastKnownFileType = text.xcconfig; name = "Pods-RappiTestMovieCatalog.debug.xcconfig"; path = "Target Support Files/Pods-RappiTestMovieCatalog/Pods-RappiTestMovieCatalog.debug.xcconfig"; sourceTree = "<group>"; };
		9C407AD0275578F100384A78 /* RappiTestMovieCatalog.app */ = {isa = PBXFileReference; explicitFileType = wrapper.application; includeInIndex = 0; path = RappiTestMovieCatalog.app; sourceTree = BUILT_PRODUCTS_DIR; };
		9C407AD3275578F100384A78 /* AppDelegate.swift */ = {isa = PBXFileReference; lastKnownFileType = sourcecode.swift; path = AppDelegate.swift; sourceTree = "<group>"; };
		9C407AD5275578F200384A78 /* SceneDelegate.swift */ = {isa = PBXFileReference; lastKnownFileType = sourcecode.swift; path = SceneDelegate.swift; sourceTree = "<group>"; };
		9C407AD7275578F200384A78 /* ViewController.swift */ = {isa = PBXFileReference; lastKnownFileType = sourcecode.swift; path = ViewController.swift; sourceTree = "<group>"; };
		9C407ADA275578F200384A78 /* Base */ = {isa = PBXFileReference; lastKnownFileType = file.storyboard; name = Base; path = Base.lproj/Main.storyboard; sourceTree = "<group>"; };
		9C407ADC275578F300384A78 /* Assets.xcassets */ = {isa = PBXFileReference; lastKnownFileType = folder.assetcatalog; path = Assets.xcassets; sourceTree = "<group>"; };
		9C407ADF275578F300384A78 /* Base */ = {isa = PBXFileReference; lastKnownFileType = file.storyboard; name = Base; path = Base.lproj/LaunchScreen.storyboard; sourceTree = "<group>"; };
		9C407AE1275578F300384A78 /* Info.plist */ = {isa = PBXFileReference; lastKnownFileType = text.plist.xml; path = Info.plist; sourceTree = "<group>"; };
		9C407AE6275578F300384A78 /* RappiTestMovieCatalogTests.xctest */ = {isa = PBXFileReference; explicitFileType = wrapper.cfbundle; includeInIndex = 0; path = RappiTestMovieCatalogTests.xctest; sourceTree = BUILT_PRODUCTS_DIR; };
		9C407AEA275578F300384A78 /* RappiTestMovieCatalogTests.swift */ = {isa = PBXFileReference; lastKnownFileType = sourcecode.swift; path = RappiTestMovieCatalogTests.swift; sourceTree = "<group>"; };
		9C407AF0275578F300384A78 /* RappiTestMovieCatalogUITests.xctest */ = {isa = PBXFileReference; explicitFileType = wrapper.cfbundle; includeInIndex = 0; path = RappiTestMovieCatalogUITests.xctest; sourceTree = BUILT_PRODUCTS_DIR; };
		9C407AF4275578F300384A78 /* RappiTestMovieCatalogUITests.swift */ = {isa = PBXFileReference; lastKnownFileType = sourcecode.swift; path = RappiTestMovieCatalogUITests.swift; sourceTree = "<group>"; };
		9C407AF6275578F300384A78 /* RappiTestMovieCatalogUITestsLaunchTests.swift */ = {isa = PBXFileReference; lastKnownFileType = sourcecode.swift; path = RappiTestMovieCatalogUITestsLaunchTests.swift; sourceTree = "<group>"; };
		9C407B0D2755873F00384A78 /* Services.swift */ = {isa = PBXFileReference; fileEncoding = 4; lastKnownFileType = sourcecode.swift; path = Services.swift; sourceTree = "<group>"; };
		9C407B0E2755873F00384A78 /* StockURL.swift */ = {isa = PBXFileReference; fileEncoding = 4; lastKnownFileType = sourcecode.swift; path = StockURL.swift; sourceTree = "<group>"; };
		9C407B0F2755873F00384A78 /* RequesProtocol.swift */ = {isa = PBXFileReference; fileEncoding = 4; lastKnownFileType = sourcecode.swift; path = RequesProtocol.swift; sourceTree = "<group>"; };
		A94A9DEB4ED3D655819319D5 /* Pods_RappiTestMovieCatalog_RappiTestMovieCatalogUITests.framework */ = {isa = PBXFileReference; explicitFileType = wrapper.framework; includeInIndex = 0; path = Pods_RappiTestMovieCatalog_RappiTestMovieCatalogUITests.framework; sourceTree = BUILT_PRODUCTS_DIR; };
		AEFE82A3ACEB1C3F8E6ADAFA /* Pods-RappiTestMovieCatalogTests.debug.xcconfig */ = {isa = PBXFileReference; includeInIndex = 1; lastKnownFileType = text.xcconfig; name = "Pods-RappiTestMovieCatalogTests.debug.xcconfig"; path = "Target Support Files/Pods-RappiTestMovieCatalogTests/Pods-RappiTestMovieCatalogTests.debug.xcconfig"; sourceTree = "<group>"; };
		E33DC26D17BECCA12866B746 /* Pods-RappiTestMovieCatalog.release.xcconfig */ = {isa = PBXFileReference; includeInIndex = 1; lastKnownFileType = text.xcconfig; name = "Pods-RappiTestMovieCatalog.release.xcconfig"; path = "Target Support Files/Pods-RappiTestMovieCatalog/Pods-RappiTestMovieCatalog.release.xcconfig"; sourceTree = "<group>"; };
/* End PBXFileReference section */

/* Begin PBXFrameworksBuildPhase section */
		9C407ACD275578F100384A78 /* Frameworks */ = {
			isa = PBXFrameworksBuildPhase;
			buildActionMask = 2147483647;
			files = (
				C94251F3F033361D0F435DFB /* Pods_RappiTestMovieCatalog.framework in Frameworks */,
			);
			runOnlyForDeploymentPostprocessing = 0;
		};
		9C407AE3275578F300384A78 /* Frameworks */ = {
			isa = PBXFrameworksBuildPhase;
			buildActionMask = 2147483647;
			files = (
				8F8D279D7482E97C7805C6A2 /* Pods_RappiTestMovieCatalogTests.framework in Frameworks */,
			);
			runOnlyForDeploymentPostprocessing = 0;
		};
		9C407AED275578F300384A78 /* Frameworks */ = {
			isa = PBXFrameworksBuildPhase;
			buildActionMask = 2147483647;
			files = (
				B4DBBA5FD516C558ADB4BD39 /* Pods_RappiTestMovieCatalog_RappiTestMovieCatalogUITests.framework in Frameworks */,
			);
			runOnlyForDeploymentPostprocessing = 0;
		};
/* End PBXFrameworksBuildPhase section */

/* Begin PBXGroup section */
		9C407AC7275578F100384A78 = {
			isa = PBXGroup;
			children = (
				9C407AD2275578F100384A78 /* RappiTestMovieCatalog */,
				9C407AE9275578F300384A78 /* RappiTestMovieCatalogTests */,
				9C407AF3275578F300384A78 /* RappiTestMovieCatalogUITests */,
				9C407AD1275578F100384A78 /* Products */,
				E5963FD930AD8189DCACBC85 /* Pods */,
				CBD636BEACFCDD9DC5BCBF6B /* Frameworks */,
			);
			sourceTree = "<group>";
		};
		9C407AD1275578F100384A78 /* Products */ = {
			isa = PBXGroup;
			children = (
				9C407AD0275578F100384A78 /* RappiTestMovieCatalog.app */,
				9C407AE6275578F300384A78 /* RappiTestMovieCatalogTests.xctest */,
				9C407AF0275578F300384A78 /* RappiTestMovieCatalogUITests.xctest */,
			);
			name = Products;
			sourceTree = "<group>";
		};
		9C407AD2275578F100384A78 /* RappiTestMovieCatalog */ = {
			isa = PBXGroup;
			children = (
				9C407B092755813100384A78 /* Modules */,
				9C407B082755812A00384A78 /* Extensions */,
				9C407B07275580CD00384A78 /* Models */,
				9C407B06275580C400384A78 /* Networking */,
				9C407B05275580B100384A78 /* Resources */,
				9C407B04275580A600384A78 /* ReusablesUI */,
				9C407B032755809A00384A78 /* Utilities */,
				9C407AD3275578F100384A78 /* AppDelegate.swift */,
				9C407AD5275578F200384A78 /* SceneDelegate.swift */,
				9C407AD7275578F200384A78 /* ViewController.swift */,
				9C407AD9275578F200384A78 /* Main.storyboard */,
				9C407ADC275578F300384A78 /* Assets.xcassets */,
				9C407ADE275578F300384A78 /* LaunchScreen.storyboard */,
				9C407AE1275578F300384A78 /* Info.plist */,
			);
			path = RappiTestMovieCatalog;
			sourceTree = "<group>";
		};
		9C407AE9275578F300384A78 /* RappiTestMovieCatalogTests */ = {
			isa = PBXGroup;
			children = (
				9C407AEA275578F300384A78 /* RappiTestMovieCatalogTests.swift */,
			);
			path = RappiTestMovieCatalogTests;
			sourceTree = "<group>";
		};
		9C407AF3275578F300384A78 /* RappiTestMovieCatalogUITests */ = {
			isa = PBXGroup;
			children = (
				9C407AF4275578F300384A78 /* RappiTestMovieCatalogUITests.swift */,
				9C407AF6275578F300384A78 /* RappiTestMovieCatalogUITestsLaunchTests.swift */,
			);
			path = RappiTestMovieCatalogUITests;
			sourceTree = "<group>";
		};
		9C407B032755809A00384A78 /* Utilities */ = {
			isa = PBXGroup;
			children = (
			);
			path = Utilities;
			sourceTree = "<group>";
		};
		9C407B04275580A600384A78 /* ReusablesUI */ = {
			isa = PBXGroup;
			children = (
			);
			path = ReusablesUI;
			sourceTree = "<group>";
		};
		9C407B05275580B100384A78 /* Resources */ = {
			isa = PBXGroup;
			children = (
			);
			path = Resources;
			sourceTree = "<group>";
		};
		9C407B06275580C400384A78 /* Networking */ = {
			isa = PBXGroup;
			children = (
				9C407B0C2755872700384A78 /* ServicesProtocols */,
			);
			path = Networking;
			sourceTree = "<group>";
		};
		9C407B07275580CD00384A78 /* Models */ = {
			isa = PBXGroup;
			children = (
			);
			path = Models;
			sourceTree = "<group>";
		};
		9C407B082755812A00384A78 /* Extensions */ = {
			isa = PBXGroup;
			children = (
			);
			path = Extensions;
			sourceTree = "<group>";
		};
		9C407B092755813100384A78 /* Modules */ = {
			isa = PBXGroup;
			children = (
				9C407B0B275581E400384A78 /* MovieDetail */,
				9C407B0A275581DD00384A78 /* Home */,
			);
			path = Modules;
			sourceTree = "<group>";
		};
		9C407B0A275581DD00384A78 /* Home */ = {
			isa = PBXGroup;
			children = (
			);
			path = Home;
			sourceTree = "<group>";
		};
		9C407B0B275581E400384A78 /* MovieDetail */ = {
			isa = PBXGroup;
			children = (
			);
			path = MovieDetail;
			sourceTree = "<group>";
		};
		9C407B0C2755872700384A78 /* ServicesProtocols */ = {
			isa = PBXGroup;
			children = (
				9C407B0F2755873F00384A78 /* RequesProtocol.swift */,
				9C407B0D2755873F00384A78 /* Services.swift */,
				9C407B0E2755873F00384A78 /* StockURL.swift */,
			);
			path = ServicesProtocols;
			sourceTree = "<group>";
		};
		CBD636BEACFCDD9DC5BCBF6B /* Frameworks */ = {
			isa = PBXGroup;
			children = (
				0466B703AE1218D617D334E5 /* Pods_RappiTestMovieCatalog.framework */,
				A94A9DEB4ED3D655819319D5 /* Pods_RappiTestMovieCatalog_RappiTestMovieCatalogUITests.framework */,
				4BACCAC90174087F3D25EED3 /* Pods_RappiTestMovieCatalogTests.framework */,
			);
			name = Frameworks;
			sourceTree = "<group>";
		};
		E5963FD930AD8189DCACBC85 /* Pods */ = {
			isa = PBXGroup;
			children = (
				850277EB1DD327C7D0ED5EB3 /* Pods-RappiTestMovieCatalog.debug.xcconfig */,
				E33DC26D17BECCA12866B746 /* Pods-RappiTestMovieCatalog.release.xcconfig */,
				10AA5EFE97F54D55FD90679D /* Pods-RappiTestMovieCatalog-RappiTestMovieCatalogUITests.debug.xcconfig */,
				223D12F96242FCFF7E118938 /* Pods-RappiTestMovieCatalog-RappiTestMovieCatalogUITests.release.xcconfig */,
				AEFE82A3ACEB1C3F8E6ADAFA /* Pods-RappiTestMovieCatalogTests.debug.xcconfig */,
				3EC3F1C99E8D563B61F41F70 /* Pods-RappiTestMovieCatalogTests.release.xcconfig */,
			);
			name = Pods;
			path = Pods;
			sourceTree = "<group>";
		};
/* End PBXGroup section */

/* Begin PBXNativeTarget section */
		9C407ACF275578F100384A78 /* RappiTestMovieCatalog */ = {
			isa = PBXNativeTarget;
			buildConfigurationList = 9C407AFA275578F300384A78 /* Build configuration list for PBXNativeTarget "RappiTestMovieCatalog" */;
			buildPhases = (
				A785066FB9CD31A6E4E191AB /* [CP] Check Pods Manifest.lock */,
				9C407ACC275578F100384A78 /* Sources */,
				9C407ACD275578F100384A78 /* Frameworks */,
				9C407ACE275578F100384A78 /* Resources */,
				176C24C385CE5898DBE15932 /* [CP] Embed Pods Frameworks */,
			);
			buildRules = (
			);
			dependencies = (
			);
			name = RappiTestMovieCatalog;
			productName = RappiTestMovieCatalog;
			productReference = 9C407AD0275578F100384A78 /* RappiTestMovieCatalog.app */;
			productType = "com.apple.product-type.application";
		};
		9C407AE5275578F300384A78 /* RappiTestMovieCatalogTests */ = {
			isa = PBXNativeTarget;
			buildConfigurationList = 9C407AFD275578F300384A78 /* Build configuration list for PBXNativeTarget "RappiTestMovieCatalogTests" */;
			buildPhases = (
				D5BF5A37A4791E94300B75D4 /* [CP] Check Pods Manifest.lock */,
				9C407AE2275578F300384A78 /* Sources */,
				9C407AE3275578F300384A78 /* Frameworks */,
				9C407AE4275578F300384A78 /* Resources */,
			);
			buildRules = (
			);
			dependencies = (
				9C407AE8275578F300384A78 /* PBXTargetDependency */,
			);
			name = RappiTestMovieCatalogTests;
			productName = RappiTestMovieCatalogTests;
			productReference = 9C407AE6275578F300384A78 /* RappiTestMovieCatalogTests.xctest */;
			productType = "com.apple.product-type.bundle.unit-test";
		};
		9C407AEF275578F300384A78 /* RappiTestMovieCatalogUITests */ = {
			isa = PBXNativeTarget;
			buildConfigurationList = 9C407B00275578F300384A78 /* Build configuration list for PBXNativeTarget "RappiTestMovieCatalogUITests" */;
			buildPhases = (
				8594B4F036426565C9637F2C /* [CP] Check Pods Manifest.lock */,
				9C407AEC275578F300384A78 /* Sources */,
				9C407AED275578F300384A78 /* Frameworks */,
				9C407AEE275578F300384A78 /* Resources */,
				31C42C8BCA1E1BBC26FB3174 /* [CP] Embed Pods Frameworks */,
			);
			buildRules = (
			);
			dependencies = (
				9C407AF2275578F300384A78 /* PBXTargetDependency */,
			);
			name = RappiTestMovieCatalogUITests;
			productName = RappiTestMovieCatalogUITests;
			productReference = 9C407AF0275578F300384A78 /* RappiTestMovieCatalogUITests.xctest */;
			productType = "com.apple.product-type.bundle.ui-testing";
		};
/* End PBXNativeTarget section */

/* Begin PBXProject section */
		9C407AC8275578F100384A78 /* Project object */ = {
			isa = PBXProject;
			attributes = {
				BuildIndependentTargetsInParallel = 1;
				LastSwiftUpdateCheck = 1310;
				LastUpgradeCheck = 1310;
				TargetAttributes = {
					9C407ACF275578F100384A78 = {
						CreatedOnToolsVersion = 13.1;
					};
					9C407AE5275578F300384A78 = {
						CreatedOnToolsVersion = 13.1;
						TestTargetID = 9C407ACF275578F100384A78;
					};
					9C407AEF275578F300384A78 = {
						CreatedOnToolsVersion = 13.1;
						TestTargetID = 9C407ACF275578F100384A78;
					};
				};
			};
			buildConfigurationList = 9C407ACB275578F100384A78 /* Build configuration list for PBXProject "RappiTestMovieCatalog" */;
			compatibilityVersion = "Xcode 13.0";
			developmentRegion = en;
			hasScannedForEncodings = 0;
			knownRegions = (
				en,
				Base,
			);
			mainGroup = 9C407AC7275578F100384A78;
			productRefGroup = 9C407AD1275578F100384A78 /* Products */;
			projectDirPath = "";
			projectRoot = "";
			targets = (
				9C407ACF275578F100384A78 /* RappiTestMovieCatalog */,
				9C407AE5275578F300384A78 /* RappiTestMovieCatalogTests */,
				9C407AEF275578F300384A78 /* RappiTestMovieCatalogUITests */,
			);
		};
/* End PBXProject section */

/* Begin PBXResourcesBuildPhase section */
		9C407ACE275578F100384A78 /* Resources */ = {
			isa = PBXResourcesBuildPhase;
			buildActionMask = 2147483647;
			files = (
				9C407AE0275578F300384A78 /* LaunchScreen.storyboard in Resources */,
				9C407ADD275578F300384A78 /* Assets.xcassets in Resources */,
				9C407ADB275578F200384A78 /* Main.storyboard in Resources */,
			);
			runOnlyForDeploymentPostprocessing = 0;
		};
		9C407AE4275578F300384A78 /* Resources */ = {
			isa = PBXResourcesBuildPhase;
			buildActionMask = 2147483647;
			files = (
			);
			runOnlyForDeploymentPostprocessing = 0;
		};
		9C407AEE275578F300384A78 /* Resources */ = {
			isa = PBXResourcesBuildPhase;
			buildActionMask = 2147483647;
			files = (
			);
			runOnlyForDeploymentPostprocessing = 0;
		};
/* End PBXResourcesBuildPhase section */

/* Begin PBXShellScriptBuildPhase section */
		176C24C385CE5898DBE15932 /* [CP] Embed Pods Frameworks */ = {
			isa = PBXShellScriptBuildPhase;
			buildActionMask = 2147483647;
			files = (
			);
			inputFileListPaths = (
				"${PODS_ROOT}/Target Support Files/Pods-RappiTestMovieCatalog/Pods-RappiTestMovieCatalog-frameworks-${CONFIGURATION}-input-files.xcfilelist",
			);
			name = "[CP] Embed Pods Frameworks";
			outputFileListPaths = (
				"${PODS_ROOT}/Target Support Files/Pods-RappiTestMovieCatalog/Pods-RappiTestMovieCatalog-frameworks-${CONFIGURATION}-output-files.xcfilelist",
			);
			runOnlyForDeploymentPostprocessing = 0;
			shellPath = /bin/sh;
			shellScript = "\"${PODS_ROOT}/Target Support Files/Pods-RappiTestMovieCatalog/Pods-RappiTestMovieCatalog-frameworks.sh\"\n";
			showEnvVarsInLog = 0;
		};
		31C42C8BCA1E1BBC26FB3174 /* [CP] Embed Pods Frameworks */ = {
			isa = PBXShellScriptBuildPhase;
			buildActionMask = 2147483647;
			files = (
			);
			inputFileListPaths = (
				"${PODS_ROOT}/Target Support Files/Pods-RappiTestMovieCatalog-RappiTestMovieCatalogUITests/Pods-RappiTestMovieCatalog-RappiTestMovieCatalogUITests-frameworks-${CONFIGURATION}-input-files.xcfilelist",
			);
			name = "[CP] Embed Pods Frameworks";
			outputFileListPaths = (
				"${PODS_ROOT}/Target Support Files/Pods-RappiTestMovieCatalog-RappiTestMovieCatalogUITests/Pods-RappiTestMovieCatalog-RappiTestMovieCatalogUITests-frameworks-${CONFIGURATION}-output-files.xcfilelist",
			);
			runOnlyForDeploymentPostprocessing = 0;
			shellPath = /bin/sh;
			shellScript = "\"${PODS_ROOT}/Target Support Files/Pods-RappiTestMovieCatalog-RappiTestMovieCatalogUITests/Pods-RappiTestMovieCatalog-RappiTestMovieCatalogUITests-frameworks.sh\"\n";
			showEnvVarsInLog = 0;
		};
		8594B4F036426565C9637F2C /* [CP] Check Pods Manifest.lock */ = {
			isa = PBXShellScriptBuildPhase;
			buildActionMask = 2147483647;
			files = (
			);
			inputFileListPaths = (
			);
			inputPaths = (
				"${PODS_PODFILE_DIR_PATH}/Podfile.lock",
				"${PODS_ROOT}/Manifest.lock",
			);
			name = "[CP] Check Pods Manifest.lock";
			outputFileListPaths = (
			);
			outputPaths = (
				"$(DERIVED_FILE_DIR)/Pods-RappiTestMovieCatalog-RappiTestMovieCatalogUITests-checkManifestLockResult.txt",
			);
			runOnlyForDeploymentPostprocessing = 0;
			shellPath = /bin/sh;
			shellScript = "diff \"${PODS_PODFILE_DIR_PATH}/Podfile.lock\" \"${PODS_ROOT}/Manifest.lock\" > /dev/null\nif [ $? != 0 ] ; then\n    # print error to STDERR\n    echo \"error: The sandbox is not in sync with the Podfile.lock. Run 'pod install' or update your CocoaPods installation.\" >&2\n    exit 1\nfi\n# This output is used by Xcode 'outputs' to avoid re-running this script phase.\necho \"SUCCESS\" > \"${SCRIPT_OUTPUT_FILE_0}\"\n";
			showEnvVarsInLog = 0;
		};
		A785066FB9CD31A6E4E191AB /* [CP] Check Pods Manifest.lock */ = {
			isa = PBXShellScriptBuildPhase;
			buildActionMask = 2147483647;
			files = (
			);
			inputFileListPaths = (
			);
			inputPaths = (
				"${PODS_PODFILE_DIR_PATH}/Podfile.lock",
				"${PODS_ROOT}/Manifest.lock",
			);
			name = "[CP] Check Pods Manifest.lock";
			outputFileListPaths = (
			);
			outputPaths = (
				"$(DERIVED_FILE_DIR)/Pods-RappiTestMovieCatalog-checkManifestLockResult.txt",
			);
			runOnlyForDeploymentPostprocessing = 0;
			shellPath = /bin/sh;
			shellScript = "diff \"${PODS_PODFILE_DIR_PATH}/Podfile.lock\" \"${PODS_ROOT}/Manifest.lock\" > /dev/null\nif [ $? != 0 ] ; then\n    # print error to STDERR\n    echo \"error: The sandbox is not in sync with the Podfile.lock. Run 'pod install' or update your CocoaPods installation.\" >&2\n    exit 1\nfi\n# This output is used by Xcode 'outputs' to avoid re-running this script phase.\necho \"SUCCESS\" > \"${SCRIPT_OUTPUT_FILE_0}\"\n";
			showEnvVarsInLog = 0;
		};
		D5BF5A37A4791E94300B75D4 /* [CP] Check Pods Manifest.lock */ = {
			isa = PBXShellScriptBuildPhase;
			buildActionMask = 2147483647;
			files = (
			);
			inputFileListPaths = (
			);
			inputPaths = (
				"${PODS_PODFILE_DIR_PATH}/Podfile.lock",
				"${PODS_ROOT}/Manifest.lock",
			);
			name = "[CP] Check Pods Manifest.lock";
			outputFileListPaths = (
			);
			outputPaths = (
				"$(DERIVED_FILE_DIR)/Pods-RappiTestMovieCatalogTests-checkManifestLockResult.txt",
			);
			runOnlyForDeploymentPostprocessing = 0;
			shellPath = /bin/sh;
			shellScript = "diff \"${PODS_PODFILE_DIR_PATH}/Podfile.lock\" \"${PODS_ROOT}/Manifest.lock\" > /dev/null\nif [ $? != 0 ] ; then\n    # print error to STDERR\n    echo \"error: The sandbox is not in sync with the Podfile.lock. Run 'pod install' or update your CocoaPods installation.\" >&2\n    exit 1\nfi\n# This output is used by Xcode 'outputs' to avoid re-running this script phase.\necho \"SUCCESS\" > \"${SCRIPT_OUTPUT_FILE_0}\"\n";
			showEnvVarsInLog = 0;
		};
/* End PBXShellScriptBuildPhase section */

/* Begin PBXSourcesBuildPhase section */
		9C407ACC275578F100384A78 /* Sources */ = {
			isa = PBXSourcesBuildPhase;
			buildActionMask = 2147483647;
			files = (
				9C407AD8275578F200384A78 /* ViewController.swift in Sources */,
				9C407B102755873F00384A78 /* Services.swift in Sources */,
				9C407B142755873F00384A78 /* RequesProtocol.swift in Sources */,
				9C407AD4275578F100384A78 /* AppDelegate.swift in Sources */,
				9C407AD6275578F200384A78 /* SceneDelegate.swift in Sources */,
				9C407B122755873F00384A78 /* StockURL.swift in Sources */,
			);
			runOnlyForDeploymentPostprocessing = 0;
		};
		9C407AE2275578F300384A78 /* Sources */ = {
			isa = PBXSourcesBuildPhase;
			buildActionMask = 2147483647;
			files = (
				9C407AEB275578F300384A78 /* RappiTestMovieCatalogTests.swift in Sources */,
				9C407B132755873F00384A78 /* StockURL.swift in Sources */,
				9C407B152755873F00384A78 /* RequesProtocol.swift in Sources */,
				9C407B112755873F00384A78 /* Services.swift in Sources */,
			);
			runOnlyForDeploymentPostprocessing = 0;
		};
		9C407AEC275578F300384A78 /* Sources */ = {
			isa = PBXSourcesBuildPhase;
			buildActionMask = 2147483647;
			files = (
				9C407AF7275578F300384A78 /* RappiTestMovieCatalogUITestsLaunchTests.swift in Sources */,
				9C407AF5275578F300384A78 /* RappiTestMovieCatalogUITests.swift in Sources */,
			);
			runOnlyForDeploymentPostprocessing = 0;
		};
/* End PBXSourcesBuildPhase section */

/* Begin PBXTargetDependency section */
		9C407AE8275578F300384A78 /* PBXTargetDependency */ = {
			isa = PBXTargetDependency;
			target = 9C407ACF275578F100384A78 /* RappiTestMovieCatalog */;
			targetProxy = 9C407AE7275578F300384A78 /* PBXContainerItemProxy */;
		};
		9C407AF2275578F300384A78 /* PBXTargetDependency */ = {
			isa = PBXTargetDependency;
			target = 9C407ACF275578F100384A78 /* RappiTestMovieCatalog */;
			targetProxy = 9C407AF1275578F300384A78 /* PBXContainerItemProxy */;
		};
/* End PBXTargetDependency section */

/* Begin PBXVariantGroup section */
		9C407AD9275578F200384A78 /* Main.storyboard */ = {
			isa = PBXVariantGroup;
			children = (
				9C407ADA275578F200384A78 /* Base */,
			);
			name = Main.storyboard;
			sourceTree = "<group>";
		};
		9C407ADE275578F300384A78 /* LaunchScreen.storyboard */ = {
			isa = PBXVariantGroup;
			children = (
				9C407ADF275578F300384A78 /* Base */,
			);
			name = LaunchScreen.storyboard;
			sourceTree = "<group>";
		};
/* End PBXVariantGroup section */

/* Begin XCBuildConfiguration section */
		9C407AF8275578F300384A78 /* Debug */ = {
			isa = XCBuildConfiguration;
			buildSettings = {
				ALWAYS_SEARCH_USER_PATHS = NO;
				CLANG_ANALYZER_NONNULL = YES;
				CLANG_ANALYZER_NUMBER_OBJECT_CONVERSION = YES_AGGRESSIVE;
				CLANG_CXX_LANGUAGE_STANDARD = "gnu++17";
				CLANG_CXX_LIBRARY = "libc++";
				CLANG_ENABLE_MODULES = YES;
				CLANG_ENABLE_OBJC_ARC = YES;
				CLANG_ENABLE_OBJC_WEAK = YES;
				CLANG_WARN_BLOCK_CAPTURE_AUTORELEASING = YES;
				CLANG_WARN_BOOL_CONVERSION = YES;
				CLANG_WARN_COMMA = YES;
				CLANG_WARN_CONSTANT_CONVERSION = YES;
				CLANG_WARN_DEPRECATED_OBJC_IMPLEMENTATIONS = YES;
				CLANG_WARN_DIRECT_OBJC_ISA_USAGE = YES_ERROR;
				CLANG_WARN_DOCUMENTATION_COMMENTS = YES;
				CLANG_WARN_EMPTY_BODY = YES;
				CLANG_WARN_ENUM_CONVERSION = YES;
				CLANG_WARN_INFINITE_RECURSION = YES;
				CLANG_WARN_INT_CONVERSION = YES;
				CLANG_WARN_NON_LITERAL_NULL_CONVERSION = YES;
				CLANG_WARN_OBJC_IMPLICIT_RETAIN_SELF = YES;
				CLANG_WARN_OBJC_LITERAL_CONVERSION = YES;
				CLANG_WARN_OBJC_ROOT_CLASS = YES_ERROR;
				CLANG_WARN_QUOTED_INCLUDE_IN_FRAMEWORK_HEADER = YES;
				CLANG_WARN_RANGE_LOOP_ANALYSIS = YES;
				CLANG_WARN_STRICT_PROTOTYPES = YES;
				CLANG_WARN_SUSPICIOUS_MOVE = YES;
				CLANG_WARN_UNGUARDED_AVAILABILITY = YES_AGGRESSIVE;
				CLANG_WARN_UNREACHABLE_CODE = YES;
				CLANG_WARN__DUPLICATE_METHOD_MATCH = YES;
				COPY_PHASE_STRIP = NO;
				DEBUG_INFORMATION_FORMAT = dwarf;
				ENABLE_STRICT_OBJC_MSGSEND = YES;
				ENABLE_TESTABILITY = YES;
				GCC_C_LANGUAGE_STANDARD = gnu11;
				GCC_DYNAMIC_NO_PIC = NO;
				GCC_NO_COMMON_BLOCKS = YES;
				GCC_OPTIMIZATION_LEVEL = 0;
				GCC_PREPROCESSOR_DEFINITIONS = (
					"DEBUG=1",
					"$(inherited)",
				);
				GCC_WARN_64_TO_32_BIT_CONVERSION = YES;
				GCC_WARN_ABOUT_RETURN_TYPE = YES_ERROR;
				GCC_WARN_UNDECLARED_SELECTOR = YES;
				GCC_WARN_UNINITIALIZED_AUTOS = YES_AGGRESSIVE;
				GCC_WARN_UNUSED_FUNCTION = YES;
				GCC_WARN_UNUSED_VARIABLE = YES;
				IPHONEOS_DEPLOYMENT_TARGET = 15.0;
				MTL_ENABLE_DEBUG_INFO = INCLUDE_SOURCE;
				MTL_FAST_MATH = YES;
				ONLY_ACTIVE_ARCH = YES;
				SDKROOT = iphoneos;
				SWIFT_ACTIVE_COMPILATION_CONDITIONS = DEBUG;
				SWIFT_OPTIMIZATION_LEVEL = "-Onone";
			};
			name = Debug;
		};
		9C407AF9275578F300384A78 /* Release */ = {
			isa = XCBuildConfiguration;
			buildSettings = {
				ALWAYS_SEARCH_USER_PATHS = NO;
				CLANG_ANALYZER_NONNULL = YES;
				CLANG_ANALYZER_NUMBER_OBJECT_CONVERSION = YES_AGGRESSIVE;
				CLANG_CXX_LANGUAGE_STANDARD = "gnu++17";
				CLANG_CXX_LIBRARY = "libc++";
				CLANG_ENABLE_MODULES = YES;
				CLANG_ENABLE_OBJC_ARC = YES;
				CLANG_ENABLE_OBJC_WEAK = YES;
				CLANG_WARN_BLOCK_CAPTURE_AUTORELEASING = YES;
				CLANG_WARN_BOOL_CONVERSION = YES;
				CLANG_WARN_COMMA = YES;
				CLANG_WARN_CONSTANT_CONVERSION = YES;
				CLANG_WARN_DEPRECATED_OBJC_IMPLEMENTATIONS = YES;
				CLANG_WARN_DIRECT_OBJC_ISA_USAGE = YES_ERROR;
				CLANG_WARN_DOCUMENTATION_COMMENTS = YES;
				CLANG_WARN_EMPTY_BODY = YES;
				CLANG_WARN_ENUM_CONVERSION = YES;
				CLANG_WARN_INFINITE_RECURSION = YES;
				CLANG_WARN_INT_CONVERSION = YES;
				CLANG_WARN_NON_LITERAL_NULL_CONVERSION = YES;
				CLANG_WARN_OBJC_IMPLICIT_RETAIN_SELF = YES;
				CLANG_WARN_OBJC_LITERAL_CONVERSION = YES;
				CLANG_WARN_OBJC_ROOT_CLASS = YES_ERROR;
				CLANG_WARN_QUOTED_INCLUDE_IN_FRAMEWORK_HEADER = YES;
				CLANG_WARN_RANGE_LOOP_ANALYSIS = YES;
				CLANG_WARN_STRICT_PROTOTYPES = YES;
				CLANG_WARN_SUSPICIOUS_MOVE = YES;
				CLANG_WARN_UNGUARDED_AVAILABILITY = YES_AGGRESSIVE;
				CLANG_WARN_UNREACHABLE_CODE = YES;
				CLANG_WARN__DUPLICATE_METHOD_MATCH = YES;
				COPY_PHASE_STRIP = NO;
				DEBUG_INFORMATION_FORMAT = "dwarf-with-dsym";
				ENABLE_NS_ASSERTIONS = NO;
				ENABLE_STRICT_OBJC_MSGSEND = YES;
				GCC_C_LANGUAGE_STANDARD = gnu11;
				GCC_NO_COMMON_BLOCKS = YES;
				GCC_WARN_64_TO_32_BIT_CONVERSION = YES;
				GCC_WARN_ABOUT_RETURN_TYPE = YES_ERROR;
				GCC_WARN_UNDECLARED_SELECTOR = YES;
				GCC_WARN_UNINITIALIZED_AUTOS = YES_AGGRESSIVE;
				GCC_WARN_UNUSED_FUNCTION = YES;
				GCC_WARN_UNUSED_VARIABLE = YES;
				IPHONEOS_DEPLOYMENT_TARGET = 15.0;
				MTL_ENABLE_DEBUG_INFO = NO;
				MTL_FAST_MATH = YES;
				SDKROOT = iphoneos;
				SWIFT_COMPILATION_MODE = wholemodule;
				SWIFT_OPTIMIZATION_LEVEL = "-O";
				VALIDATE_PRODUCT = YES;
			};
			name = Release;
		};
		9C407AFB275578F300384A78 /* Debug */ = {
			isa = XCBuildConfiguration;
			baseConfigurationReference = 850277EB1DD327C7D0ED5EB3 /* Pods-RappiTestMovieCatalog.debug.xcconfig */;
			buildSettings = {
				ASSETCATALOG_COMPILER_APPICON_NAME = AppIcon;
				ASSETCATALOG_COMPILER_GLOBAL_ACCENT_COLOR_NAME = AccentColor;
				CODE_SIGN_STYLE = Automatic;
				CURRENT_PROJECT_VERSION = 1;
				GENERATE_INFOPLIST_FILE = YES;
				INFOPLIST_FILE = RappiTestMovieCatalog/Info.plist;
				INFOPLIST_KEY_UIApplicationSupportsIndirectInputEvents = YES;
				INFOPLIST_KEY_UILaunchStoryboardName = LaunchScreen;
				INFOPLIST_KEY_UIMainStoryboardFile = Main;
				INFOPLIST_KEY_UISupportedInterfaceOrientations_iPad = "UIInterfaceOrientationPortrait UIInterfaceOrientationPortraitUpsideDown UIInterfaceOrientationLandscapeLeft UIInterfaceOrientationLandscapeRight";
				INFOPLIST_KEY_UISupportedInterfaceOrientations_iPhone = "UIInterfaceOrientationPortrait UIInterfaceOrientationLandscapeLeft UIInterfaceOrientationLandscapeRight";
				LD_RUNPATH_SEARCH_PATHS = (
					"$(inherited)",
					"@executable_path/Frameworks",
				);
				MARKETING_VERSION = 1.0;
				PRODUCT_BUNDLE_IDENTIFIER = adriandgzg.Rappi.RappiTestMovieCatalog;
				PRODUCT_NAME = "$(TARGET_NAME)";
				SWIFT_EMIT_LOC_STRINGS = YES;
				SWIFT_VERSION = 5.0;
				TARGETED_DEVICE_FAMILY = "1,2";
			};
			name = Debug;
		};
		9C407AFC275578F300384A78 /* Release */ = {
			isa = XCBuildConfiguration;
			baseConfigurationReference = E33DC26D17BECCA12866B746 /* Pods-RappiTestMovieCatalog.release.xcconfig */;
			buildSettings = {
				ASSETCATALOG_COMPILER_APPICON_NAME = AppIcon;
				ASSETCATALOG_COMPILER_GLOBAL_ACCENT_COLOR_NAME = AccentColor;
				CODE_SIGN_STYLE = Automatic;
				CURRENT_PROJECT_VERSION = 1;
				GENERATE_INFOPLIST_FILE = YES;
				INFOPLIST_FILE = RappiTestMovieCatalog/Info.plist;
				INFOPLIST_KEY_UIApplicationSupportsIndirectInputEvents = YES;
				INFOPLIST_KEY_UILaunchStoryboardName = LaunchScreen;
				INFOPLIST_KEY_UIMainStoryboardFile = Main;
				INFOPLIST_KEY_UISupportedInterfaceOrientations_iPad = "UIInterfaceOrientationPortrait UIInterfaceOrientationPortraitUpsideDown UIInterfaceOrientationLandscapeLeft UIInterfaceOrientationLandscapeRight";
				INFOPLIST_KEY_UISupportedInterfaceOrientations_iPhone = "UIInterfaceOrientationPortrait UIInterfaceOrientationLandscapeLeft UIInterfaceOrientationLandscapeRight";
				LD_RUNPATH_SEARCH_PATHS = (
					"$(inherited)",
					"@executable_path/Frameworks",
				);
				MARKETING_VERSION = 1.0;
				PRODUCT_BUNDLE_IDENTIFIER = adriandgzg.Rappi.RappiTestMovieCatalog;
				PRODUCT_NAME = "$(TARGET_NAME)";
				SWIFT_EMIT_LOC_STRINGS = YES;
				SWIFT_VERSION = 5.0;
				TARGETED_DEVICE_FAMILY = "1,2";
			};
			name = Release;
		};
		9C407AFE275578F300384A78 /* Debug */ = {
			isa = XCBuildConfiguration;
			baseConfigurationReference = AEFE82A3ACEB1C3F8E6ADAFA /* Pods-RappiTestMovieCatalogTests.debug.xcconfig */;
			buildSettings = {
				ALWAYS_EMBED_SWIFT_STANDARD_LIBRARIES = YES;
				BUNDLE_LOADER = "$(TEST_HOST)";
				CODE_SIGN_STYLE = Automatic;
				CURRENT_PROJECT_VERSION = 1;
				GENERATE_INFOPLIST_FILE = YES;
				IPHONEOS_DEPLOYMENT_TARGET = 15.0;
				LD_RUNPATH_SEARCH_PATHS = (
					"$(inherited)",
					"@executable_path/Frameworks",
					"@loader_path/Frameworks",
				);
				MARKETING_VERSION = 1.0;
				PRODUCT_BUNDLE_IDENTIFIER = adriandgzg.Rappi.RappiTestMovieCatalogTests;
				PRODUCT_NAME = "$(TARGET_NAME)";
				SWIFT_EMIT_LOC_STRINGS = NO;
				SWIFT_VERSION = 5.0;
				TARGETED_DEVICE_FAMILY = "1,2";
				TEST_HOST = "$(BUILT_PRODUCTS_DIR)/RappiTestMovieCatalog.app/RappiTestMovieCatalog";
			};
			name = Debug;
		};
		9C407AFF275578F300384A78 /* Release */ = {
			isa = XCBuildConfiguration;
			baseConfigurationReference = 3EC3F1C99E8D563B61F41F70 /* Pods-RappiTestMovieCatalogTests.release.xcconfig */;
			buildSettings = {
				ALWAYS_EMBED_SWIFT_STANDARD_LIBRARIES = YES;
				BUNDLE_LOADER = "$(TEST_HOST)";
				CODE_SIGN_STYLE = Automatic;
				CURRENT_PROJECT_VERSION = 1;
				GENERATE_INFOPLIST_FILE = YES;
				IPHONEOS_DEPLOYMENT_TARGET = 15.0;
				LD_RUNPATH_SEARCH_PATHS = (
					"$(inherited)",
					"@executable_path/Frameworks",
					"@loader_path/Frameworks",
				);
				MARKETING_VERSION = 1.0;
				PRODUCT_BUNDLE_IDENTIFIER = adriandgzg.Rappi.RappiTestMovieCatalogTests;
				PRODUCT_NAME = "$(TARGET_NAME)";
				SWIFT_EMIT_LOC_STRINGS = NO;
				SWIFT_VERSION = 5.0;
				TARGETED_DEVICE_FAMILY = "1,2";
				TEST_HOST = "$(BUILT_PRODUCTS_DIR)/RappiTestMovieCatalog.app/RappiTestMovieCatalog";
			};
			name = Release;
		};
		9C407B01275578F300384A78 /* Debug */ = {
			isa = XCBuildConfiguration;
			baseConfigurationReference = 10AA5EFE97F54D55FD90679D /* Pods-RappiTestMovieCatalog-RappiTestMovieCatalogUITests.debug.xcconfig */;
			buildSettings = {
				ALWAYS_EMBED_SWIFT_STANDARD_LIBRARIES = YES;
				CODE_SIGN_STYLE = Automatic;
				CURRENT_PROJECT_VERSION = 1;
				GENERATE_INFOPLIST_FILE = YES;
				LD_RUNPATH_SEARCH_PATHS = (
					"$(inherited)",
					"@executable_path/Frameworks",
					"@loader_path/Frameworks",
				);
				MARKETING_VERSION = 1.0;
				PRODUCT_BUNDLE_IDENTIFIER = adriandgzg.Rappi.RappiTestMovieCatalogUITests;
				PRODUCT_NAME = "$(TARGET_NAME)";
				SWIFT_EMIT_LOC_STRINGS = NO;
				SWIFT_VERSION = 5.0;
				TARGETED_DEVICE_FAMILY = "1,2";
				TEST_TARGET_NAME = RappiTestMovieCatalog;
			};
			name = Debug;
		};
		9C407B02275578F300384A78 /* Release */ = {
			isa = XCBuildConfiguration;
			baseConfigurationReference = 223D12F96242FCFF7E118938 /* Pods-RappiTestMovieCatalog-RappiTestMovieCatalogUITests.release.xcconfig */;
			buildSettings = {
				ALWAYS_EMBED_SWIFT_STANDARD_LIBRARIES = YES;
				CODE_SIGN_STYLE = Automatic;
				CURRENT_PROJECT_VERSION = 1;
				GENERATE_INFOPLIST_FILE = YES;
				LD_RUNPATH_SEARCH_PATHS = (
					"$(inherited)",
					"@executable_path/Frameworks",
					"@loader_path/Frameworks",
				);
				MARKETING_VERSION = 1.0;
				PRODUCT_BUNDLE_IDENTIFIER = adriandgzg.Rappi.RappiTestMovieCatalogUITests;
				PRODUCT_NAME = "$(TARGET_NAME)";
				SWIFT_EMIT_LOC_STRINGS = NO;
				SWIFT_VERSION = 5.0;
				TARGETED_DEVICE_FAMILY = "1,2";
				TEST_TARGET_NAME = RappiTestMovieCatalog;
			};
			name = Release;
		};
/* End XCBuildConfiguration section */

/* Begin XCConfigurationList section */
		9C407ACB275578F100384A78 /* Build configuration list for PBXProject "RappiTestMovieCatalog" */ = {
			isa = XCConfigurationList;
			buildConfigurations = (
				9C407AF8275578F300384A78 /* Debug */,
				9C407AF9275578F300384A78 /* Release */,
			);
			defaultConfigurationIsVisible = 0;
			defaultConfigurationName = Release;
		};
		9C407AFA275578F300384A78 /* Build configuration list for PBXNativeTarget "RappiTestMovieCatalog" */ = {
			isa = XCConfigurationList;
			buildConfigurations = (
				9C407AFB275578F300384A78 /* Debug */,
				9C407AFC275578F300384A78 /* Release */,
			);
			defaultConfigurationIsVisible = 0;
			defaultConfigurationName = Release;
		};
		9C407AFD275578F300384A78 /* Build configuration list for PBXNativeTarget "RappiTestMovieCatalogTests" */ = {
			isa = XCConfigurationList;
			buildConfigurations = (
				9C407AFE275578F300384A78 /* Debug */,
				9C407AFF275578F300384A78 /* Release */,
			);
			defaultConfigurationIsVisible = 0;
			defaultConfigurationName = Release;
		};
		9C407B00275578F300384A78 /* Build configuration list for PBXNativeTarget "RappiTestMovieCatalogUITests" */ = {
			isa = XCConfigurationList;
			buildConfigurations = (
				9C407B01275578F300384A78 /* Debug */,
				9C407B02275578F300384A78 /* Release */,
			);
			defaultConfigurationIsVisible = 0;
			defaultConfigurationName = Release;
		};
/* End XCConfigurationList section */
	};
	rootObject = 9C407AC8275578F100384A78 /* Project object */;
}
